// !$*UTF8*$!
{
	archiveVersion = 1;
	classes = {
	};
	objectVersion = 50;
	objects = {

/* Begin PBXBuildFile section */
		C1574EDE2500B8A4008E0F86 /* AudioReaderSource.cpp in Sources */ = {isa = PBXBuildFile; fileRef = C1574E332500B8A4008E0F86 /* AudioReaderSource.cpp */; };
		C1574EDF2500B8A4008E0F86 /* TextReader.cpp in Sources */ = {isa = PBXBuildFile; fileRef = C1574E342500B8A4008E0F86 /* TextReader.cpp */; };
		C1574EE02500B8A4008E0F86 /* Frame.cpp in Sources */ = {isa = PBXBuildFile; fileRef = C1574E352500B8A4008E0F86 /* Frame.cpp */; };
		C1574EE12500B8A4008E0F86 /* ChunkWriter.cpp in Sources */ = {isa = PBXBuildFile; fileRef = C1574E372500B8A4008E0F86 /* ChunkWriter.cpp */; };
		C1574EE22500B8A4008E0F86 /* Fraction.cpp in Sources */ = {isa = PBXBuildFile; fileRef = C1574E382500B8A4008E0F86 /* Fraction.cpp */; };
		C1574EE32500B8A4008E0F86 /* ImageWriter.cpp in Sources */ = {isa = PBXBuildFile; fileRef = C1574E392500B8A4008E0F86 /* ImageWriter.cpp */; };
		C1574EE42500B8A4008E0F86 /* OpenShotVersion.cpp in Sources */ = {isa = PBXBuildFile; fileRef = C1574E3A2500B8A4008E0F86 /* OpenShotVersion.cpp */; };
		C1574EE52500B8A4008E0F86 /* DecklinkReader.cpp in Sources */ = {isa = PBXBuildFile; fileRef = C1574E3B2500B8A4008E0F86 /* DecklinkReader.cpp */; };
		C1574EE62500B8A4008E0F86 /* QtImageReader.cpp in Sources */ = {isa = PBXBuildFile; fileRef = C1574E3C2500B8A4008E0F86 /* QtImageReader.cpp */; };
		C1574EE72500B8A4008E0F86 /* Profiles.cpp in Sources */ = {isa = PBXBuildFile; fileRef = C1574E3D2500B8A4008E0F86 /* Profiles.cpp */; };
		C1574EE82500B8A4008E0F86 /* FrameMapper.cpp in Sources */ = {isa = PBXBuildFile; fileRef = C1574E3E2500B8A4008E0F86 /* FrameMapper.cpp */; };
		C1574EE92500B8A4008E0F86 /* QtPlayer.cpp in Sources */ = {isa = PBXBuildFile; fileRef = C1574E3F2500B8A4008E0F86 /* QtPlayer.cpp */; };
		C1574EEA2500B8A4008E0F86 /* QtHtmlReader.cpp in Sources */ = {isa = PBXBuildFile; fileRef = C1574E402500B8A4008E0F86 /* QtHtmlReader.cpp */; };
		C1574EEB2500B8A4008E0F86 /* ReaderBase.cpp in Sources */ = {isa = PBXBuildFile; fileRef = C1574E412500B8A4008E0F86 /* ReaderBase.cpp */; };
		C1574EEC2500B8A4008E0F86 /* main.cpp in Sources */ = {isa = PBXBuildFile; fileRef = C1574E442500B8A4008E0F86 /* main.cpp */; };
		C1574EED2500B8A4008E0F86 /* VideoRenderWidget.cpp in Sources */ = {isa = PBXBuildFile; fileRef = C1574E452500B8A4008E0F86 /* VideoRenderWidget.cpp */; };
		C1574EEE2500B8A4008E0F86 /* VideoCacheThread.cpp in Sources */ = {isa = PBXBuildFile; fileRef = C1574E462500B8A4008E0F86 /* VideoCacheThread.cpp */; };
		C1574EEF2500B8A4008E0F86 /* VideoRenderer.cpp in Sources */ = {isa = PBXBuildFile; fileRef = C1574E472500B8A4008E0F86 /* VideoRenderer.cpp */; };
		C1574EF02500B8A4008E0F86 /* PlayerDemo.cpp in Sources */ = {isa = PBXBuildFile; fileRef = C1574E482500B8A4008E0F86 /* PlayerDemo.cpp */; };
		C1574EF12500B8A4008E0F86 /* PlayerPrivate.cpp in Sources */ = {isa = PBXBuildFile; fileRef = C1574E492500B8A4008E0F86 /* PlayerPrivate.cpp */; };
		C1574EF22500B8A4008E0F86 /* AudioPlaybackThread.cpp in Sources */ = {isa = PBXBuildFile; fileRef = C1574E4A2500B8A4008E0F86 /* AudioPlaybackThread.cpp */; };
		C1574EF32500B8A4008E0F86 /* VideoPlaybackThread.cpp in Sources */ = {isa = PBXBuildFile; fileRef = C1574E4B2500B8A4008E0F86 /* VideoPlaybackThread.cpp */; };
		C1574EF42500B8A4008E0F86 /* DecklinkWriter.cpp in Sources */ = {isa = PBXBuildFile; fileRef = C1574E4C2500B8A4008E0F86 /* DecklinkWriter.cpp */; };
		C1574EF52500B8A4008E0F86 /* EffectBase.cpp in Sources */ = {isa = PBXBuildFile; fileRef = C1574E4D2500B8A4008E0F86 /* EffectBase.cpp */; };
		C1574EF62500B8A4008E0F86 /* ImageReader.cpp in Sources */ = {isa = PBXBuildFile; fileRef = C1574E4E2500B8A4008E0F86 /* ImageReader.cpp */; };
		C1574EF72500B8A4008E0F86 /* PlayerBase.cpp in Sources */ = {isa = PBXBuildFile; fileRef = C1574E4F2500B8A4008E0F86 /* PlayerBase.cpp */; };
		C1574EF82500B8A4008E0F86 /* Coordinate.cpp in Sources */ = {isa = PBXBuildFile; fileRef = C1574E502500B8A4008E0F86 /* Coordinate.cpp */; };
		C1574EF92500B8A4008E0F86 /* Timeline.cpp in Sources */ = {isa = PBXBuildFile; fileRef = C1574E512500B8A4008E0F86 /* Timeline.cpp */; };
		C1574EFA2500B8A4008E0F86 /* CacheMemory.cpp in Sources */ = {isa = PBXBuildFile; fileRef = C1574E522500B8A4008E0F86 /* CacheMemory.cpp */; };
		C1574EFB2500B8A4008E0F86 /* Color.cpp in Sources */ = {isa = PBXBuildFile; fileRef = C1574E532500B8A4008E0F86 /* Color.cpp */; };
		C1574EFC2500B8A4008E0F86 /* ChunkReader.cpp in Sources */ = {isa = PBXBuildFile; fileRef = C1574E542500B8A4008E0F86 /* ChunkReader.cpp */; };
		C1574EFD2500B8A4008E0F86 /* AudioBufferSource.cpp in Sources */ = {isa = PBXBuildFile; fileRef = C1574E552500B8A4008E0F86 /* AudioBufferSource.cpp */; };
		C1574EFE2500B8A4008E0F86 /* DecklinkInput.cpp in Sources */ = {isa = PBXBuildFile; fileRef = C1574E562500B8A4008E0F86 /* DecklinkInput.cpp */; };
		C1574EFF2500B8A4008E0F86 /* KeyFrame.cpp in Sources */ = {isa = PBXBuildFile; fileRef = C1574E572500B8A4008E0F86 /* KeyFrame.cpp */; };
		C1574F002500B8A4008E0F86 /* CacheDisk.cpp in Sources */ = {isa = PBXBuildFile; fileRef = C1574E582500B8A4008E0F86 /* CacheDisk.cpp */; };
		C1574F012500B8A4008E0F86 /* CrashHandler.cpp in Sources */ = {isa = PBXBuildFile; fileRef = C1574E592500B8A4008E0F86 /* CrashHandler.cpp */; };
		C1574F022500B8A4008E0F86 /* Point.cpp in Sources */ = {isa = PBXBuildFile; fileRef = C1574E5A2500B8A4008E0F86 /* Point.cpp */; };
		C1574F032500B8A4008E0F86 /* FFmpegReader.cpp in Sources */ = {isa = PBXBuildFile; fileRef = C1574E5B2500B8A4008E0F86 /* FFmpegReader.cpp */; };
		C1574F042500B8A4008E0F86 /* Example.cpp in Sources */ = {isa = PBXBuildFile; fileRef = C1574E5D2500B8A4008E0F86 /* Example.cpp */; };
		C1574F052500B8A4008E0F86 /* ExampleBlackmagic.cpp in Sources */ = {isa = PBXBuildFile; fileRef = C1574E642500B8A4008E0F86 /* ExampleBlackmagic.cpp */; };
		C1574F062500B8A4008E0F86 /* ExampleHtml.cpp in Sources */ = {isa = PBXBuildFile; fileRef = C1574E6C2500B8A4008E0F86 /* ExampleHtml.cpp */; };
		C1574F072500B8A4008E0F86 /* QtTextReader.cpp in Sources */ = {isa = PBXBuildFile; fileRef = C1574E722500B8A4008E0F86 /* QtTextReader.cpp */; };
		C1574F082500B8A4008E0F86 /* Clip.cpp in Sources */ = {isa = PBXBuildFile; fileRef = C1574E732500B8A4008E0F86 /* Clip.cpp */; };
		C1574F092500B8A4008E0F86 /* RendererBase.cpp in Sources */ = {isa = PBXBuildFile; fileRef = C1574E742500B8A4008E0F86 /* RendererBase.cpp */; };
		C1574F0A2500B8A4008E0F86 /* AudioResampler.cpp in Sources */ = {isa = PBXBuildFile; fileRef = C1574E752500B8A4008E0F86 /* AudioResampler.cpp */; };
		C1574F0B2500B8A4008E0F86 /* ClipBase.cpp in Sources */ = {isa = PBXBuildFile; fileRef = C1574E762500B8A4008E0F86 /* ClipBase.cpp */; };
		C1574F0C2500B8A4008E0F86 /* ZmqLogger.cpp in Sources */ = {isa = PBXBuildFile; fileRef = C1574E772500B8A4008E0F86 /* ZmqLogger.cpp */; };
		C1574F0D2500B8A4008E0F86 /* DummyReader.cpp in Sources */ = {isa = PBXBuildFile; fileRef = C1574E782500B8A4008E0F86 /* DummyReader.cpp */; };
		C1574F0E2500B8A4008E0F86 /* EffectInfo.cpp in Sources */ = {isa = PBXBuildFile; fileRef = C1574E792500B8A4008E0F86 /* EffectInfo.cpp */; };
		C1574F0F2500B8A4008E0F86 /* openshot.i in Sources */ = {isa = PBXBuildFile; fileRef = C1574E7D2500B8A4008E0F86 /* openshot.i */; };
		C1574F102500B8A4008E0F86 /* openshot.i in Sources */ = {isa = PBXBuildFile; fileRef = C1574E802500B8A4008E0F86 /* openshot.i */; };
		C1574F112500B8A4008E0F86 /* Saturation.cpp in Sources */ = {isa = PBXBuildFile; fileRef = C1574E832500B8A4008E0F86 /* Saturation.cpp */; };
		C1574F122500B8A4008E0F86 /* Mask.cpp in Sources */ = {isa = PBXBuildFile; fileRef = C1574E842500B8A4008E0F86 /* Mask.cpp */; };
		C1574F132500B8A4008E0F86 /* Wave.cpp in Sources */ = {isa = PBXBuildFile; fileRef = C1574E852500B8A4008E0F86 /* Wave.cpp */; };
		C1574F142500B8A4008E0F86 /* Bars.cpp in Sources */ = {isa = PBXBuildFile; fileRef = C1574E862500B8A4008E0F86 /* Bars.cpp */; };
		C1574F152500B8A4008E0F86 /* Brightness.cpp in Sources */ = {isa = PBXBuildFile; fileRef = C1574E872500B8A4008E0F86 /* Brightness.cpp */; };
		C1574F162500B8A4008E0F86 /* Deinterlace.cpp in Sources */ = {isa = PBXBuildFile; fileRef = C1574E882500B8A4008E0F86 /* Deinterlace.cpp */; };
		C1574F172500B8A4008E0F86 /* Blur.cpp in Sources */ = {isa = PBXBuildFile; fileRef = C1574E892500B8A4008E0F86 /* Blur.cpp */; };
		C1574F182500B8A4008E0F86 /* Negate.cpp in Sources */ = {isa = PBXBuildFile; fileRef = C1574E8A2500B8A4008E0F86 /* Negate.cpp */; };
		C1574F192500B8A4008E0F86 /* Crop.cpp in Sources */ = {isa = PBXBuildFile; fileRef = C1574E8B2500B8A4008E0F86 /* Crop.cpp */; };
		C1574F1A2500B8A4008E0F86 /* ColorShift.cpp in Sources */ = {isa = PBXBuildFile; fileRef = C1574E8C2500B8A4008E0F86 /* ColorShift.cpp */; };
		C1574F1B2500B8A4008E0F86 /* Shift.cpp in Sources */ = {isa = PBXBuildFile; fileRef = C1574E8D2500B8A4008E0F86 /* Shift.cpp */; };
		C1574F1C2500B8A4008E0F86 /* Hue.cpp in Sources */ = {isa = PBXBuildFile; fileRef = C1574E8E2500B8A4008E0F86 /* Hue.cpp */; };
		C1574F1D2500B8A4008E0F86 /* ChromaKey.cpp in Sources */ = {isa = PBXBuildFile; fileRef = C1574E8F2500B8A4008E0F86 /* ChromaKey.cpp */; };
		C1574F1E2500B8A4008E0F86 /* Pixelate.cpp in Sources */ = {isa = PBXBuildFile; fileRef = C1574E902500B8A4008E0F86 /* Pixelate.cpp */; };
		C1574F1F2500B8A4008E0F86 /* CacheBase.cpp in Sources */ = {isa = PBXBuildFile; fileRef = C1574E912500B8A4008E0F86 /* CacheBase.cpp */; };
		C1574F202500B8A4008E0F86 /* Json.cpp in Sources */ = {isa = PBXBuildFile; fileRef = C1574E922500B8A4008E0F86 /* Json.cpp */; };
		C1574F212500B8A4008E0F86 /* DecklinkOutput.cpp in Sources */ = {isa = PBXBuildFile; fileRef = C1574E932500B8A4008E0F86 /* DecklinkOutput.cpp */; };
		C1574F222500B8A4008E0F86 /* WriterBase.cpp in Sources */ = {isa = PBXBuildFile; fileRef = C1574E942500B8A4008E0F86 /* WriterBase.cpp */; };
		C1574F232500B8A4008E0F86 /* Settings.cpp in Sources */ = {isa = PBXBuildFile; fileRef = C1574E952500B8A4008E0F86 /* Settings.cpp */; };
		C1574F242500B8A4008E0F86 /* FFmpegWriter.cpp in Sources */ = {isa = PBXBuildFile; fileRef = C1574E962500B8A4008E0F86 /* FFmpegWriter.cpp */; };
		C1574F252500B8A4008E0F86 /* jsoncpp.cpp in Sources */ = {isa = PBXBuildFile; fileRef = C1574EA02500B8A4008E0F86 /* jsoncpp.cpp */; };
		C1574F262500B8A4008E0F86 /* main.cpp in Sources */ = {isa = PBXBuildFile; fileRef = C1574EA82500B8A4008E0F86 /* main.cpp */; };
		C1574F272500B8A4008E0F86 /* CMakeCCompilerId.c in Sources */ = {isa = PBXBuildFile; fileRef = C1574EAE2500B8A4008E0F86 /* CMakeCCompilerId.c */; };
		C1574F282500B8A4008E0F86 /* CMakeCXXCompilerId.cpp in Sources */ = {isa = PBXBuildFile; fileRef = C1574EB32500B8A4008E0F86 /* CMakeCXXCompilerId.cpp */; };
		C1574F292500B8A4008E0F86 /* FFmpegWriter_Tests.cpp in Sources */ = {isa = PBXBuildFile; fileRef = C1574ECB2500B8A4008E0F86 /* FFmpegWriter_Tests.cpp */; };
		C1574F2A2500B8A4008E0F86 /* DummyReader_Tests.cpp in Sources */ = {isa = PBXBuildFile; fileRef = C1574ECC2500B8A4008E0F86 /* DummyReader_Tests.cpp */; };
		C1574F2B2500B8A4008E0F86 /* Fraction_Tests.cpp in Sources */ = {isa = PBXBuildFile; fileRef = C1574ECD2500B8A4008E0F86 /* Fraction_Tests.cpp */; };
		C1574F2C2500B8A4008E0F86 /* ImageWriter_Tests.cpp in Sources */ = {isa = PBXBuildFile; fileRef = C1574ECE2500B8A4008E0F86 /* ImageWriter_Tests.cpp */; };
		C1574F2D2500B8A4008E0F86 /* Cache_Tests.cpp in Sources */ = {isa = PBXBuildFile; fileRef = C1574ED02500B8A4008E0F86 /* Cache_Tests.cpp */; };
		C1574F2E2500B8A4008E0F86 /* Coordinate_Tests.cpp in Sources */ = {isa = PBXBuildFile; fileRef = C1574ED12500B8A4008E0F86 /* Coordinate_Tests.cpp */; };
		C1574F2F2500B8A4008E0F86 /* Color_Tests.cpp in Sources */ = {isa = PBXBuildFile; fileRef = C1574ED22500B8A4008E0F86 /* Color_Tests.cpp */; };
		C1574F302500B8A4008E0F86 /* Settings_Tests.cpp in Sources */ = {isa = PBXBuildFile; fileRef = C1574ED32500B8A4008E0F86 /* Settings_Tests.cpp */; };
		C1574F312500B8A4008E0F86 /* Point_Tests.cpp in Sources */ = {isa = PBXBuildFile; fileRef = C1574ED42500B8A4008E0F86 /* Point_Tests.cpp */; };
		C1574F322500B8A4008E0F86 /* FFmpegReader_Tests.cpp in Sources */ = {isa = PBXBuildFile; fileRef = C1574ED52500B8A4008E0F86 /* FFmpegReader_Tests.cpp */; };
		C1574F332500B8A4008E0F86 /* ReaderBase_Tests.cpp in Sources */ = {isa = PBXBuildFile; fileRef = C1574ED62500B8A4008E0F86 /* ReaderBase_Tests.cpp */; };
		C1574F342500B8A4008E0F86 /* Frame_Tests.cpp in Sources */ = {isa = PBXBuildFile; fileRef = C1574ED72500B8A4008E0F86 /* Frame_Tests.cpp */; };
		C1574F352500B8A4008E0F86 /* Clip_Tests.cpp in Sources */ = {isa = PBXBuildFile; fileRef = C1574ED82500B8A4008E0F86 /* Clip_Tests.cpp */; };
		C1574F362500B8A4008E0F86 /* tests.cpp in Sources */ = {isa = PBXBuildFile; fileRef = C1574ED92500B8A4008E0F86 /* tests.cpp */; };
		C1574F372500B8A4008E0F86 /* Timeline_Tests.cpp in Sources */ = {isa = PBXBuildFile; fileRef = C1574EDA2500B8A4008E0F86 /* Timeline_Tests.cpp */; };
		C1574F382500B8A4008E0F86 /* KeyFrame_Tests.cpp in Sources */ = {isa = PBXBuildFile; fileRef = C1574EDB2500B8A4008E0F86 /* KeyFrame_Tests.cpp */; };
		C1574F392500B8A4008E0F86 /* FrameMapper_Tests.cpp in Sources */ = {isa = PBXBuildFile; fileRef = C1574EDC2500B8A4008E0F86 /* FrameMapper_Tests.cpp */; };
/* End PBXBuildFile section */

/* Begin PBXContainerItemProxy section */
		C1574EC72500B8A4008E0F86 /* PBXContainerItemProxy */ = {
			isa = PBXContainerItemProxy;
			containerPortal = C1574EA42500B8A4008E0F86 /* libopenshot.xcodeproj */;
			proxyType = 2;
			remoteGlobalIDString = C15DE457245A749F007CDDBA;
			remoteInfo = libopenshot;
		};
/* End PBXContainerItemProxy section */

/* Begin PBXCopyFilesBuildPhase section */
		C15746E525009F63008E0F86 /* CopyFiles */ = {
			isa = PBXCopyFilesBuildPhase;
			buildActionMask = 2147483647;
			dstPath = /usr/share/man/man1/;
			dstSubfolderSpec = 0;
			files = (
			);
			runOnlyForDeploymentPostprocessing = 1;
		};
/* End PBXCopyFilesBuildPhase section */

/* Begin PBXFileReference section */
		C15746E725009F63008E0F86 /* libopenshot */ = {isa = PBXFileReference; explicitFileType = "compiled.mach-o.executable"; includeInIndex = 0; path = libopenshot; sourceTree = BUILT_PRODUCTS_DIR; };
		C1574DC82500B8A3008E0F86 /* HW-ACCEL.md */ = {isa = PBXFileReference; fileEncoding = 4; lastKnownFileType = net.daringfireball.markdown; path = "HW-ACCEL.md"; sourceTree = "<group>"; };
		C1574DCA2500B8A3008E0F86 /* Timeline_Layers.png */ = {isa = PBXFileReference; lastKnownFileType = image.png; path = Timeline_Layers.png; sourceTree = "<group>"; };
		C1574DCB2500B8A3008E0F86 /* logo.png */ = {isa = PBXFileReference; lastKnownFileType = image.png; path = logo.png; sourceTree = "<group>"; };
		C1574DCC2500B8A3008E0F86 /* Playhead.png */ = {isa = PBXFileReference; lastKnownFileType = image.png; path = Playhead.png; sourceTree = "<group>"; };
		C1574DCD2500B8A3008E0F86 /* FrameMapper.png */ = {isa = PBXFileReference; lastKnownFileType = image.png; path = FrameMapper.png; sourceTree = "<group>"; };
		C1574DCE2500B8A3008E0F86 /* logo.svg */ = {isa = PBXFileReference; fileEncoding = 4; lastKnownFileType = text.xml; path = logo.svg; sourceTree = "<group>"; };
		C1574DCF2500B8A3008E0F86 /* INSTALL-WINDOWS.md */ = {isa = PBXFileReference; fileEncoding = 4; lastKnownFileType = net.daringfireball.markdown; path = "INSTALL-WINDOWS.md"; sourceTree = "<group>"; };
		C1574DD02500B8A3008E0F86 /* INSTALL-MAC.md */ = {isa = PBXFileReference; fileEncoding = 4; lastKnownFileType = net.daringfireball.markdown; path = "INSTALL-MAC.md"; sourceTree = "<group>"; };
		C1574DD12500B8A3008E0F86 /* INSTALL-LINUX.md */ = {isa = PBXFileReference; fileEncoding = 4; lastKnownFileType = net.daringfireball.markdown; path = "INSTALL-LINUX.md"; sourceTree = "<group>"; };
		C1574DD22500B8A3008E0F86 /* README.md */ = {isa = PBXFileReference; fileEncoding = 4; lastKnownFileType = net.daringfireball.markdown; name = README.md; path = ../../README.md; sourceTree = "<group>"; };
		C1574DD32500B8A3008E0F86 /* INSTALL.md */ = {isa = PBXFileReference; fileEncoding = 4; lastKnownFileType = net.daringfireball.markdown; name = INSTALL.md; path = ../../INSTALL.md; sourceTree = "<group>"; };
		C1574DD42500B8A3008E0F86 /* codecov.yml */ = {isa = PBXFileReference; fileEncoding = 4; lastKnownFileType = text.yaml; name = codecov.yml; path = ../../codecov.yml; sourceTree = "<group>"; };
		C1574DD62500B8A3008E0F86 /* DummyReader.h */ = {isa = PBXFileReference; fileEncoding = 4; lastKnownFileType = sourcecode.c.h; path = DummyReader.h; sourceTree = "<group>"; };
		C1574DD72500B8A3008E0F86 /* ZmqLogger.h */ = {isa = PBXFileReference; fileEncoding = 4; lastKnownFileType = sourcecode.c.h; path = ZmqLogger.h; sourceTree = "<group>"; };
		C1574DD82500B8A3008E0F86 /* QtImageReader.h */ = {isa = PBXFileReference; fileEncoding = 4; lastKnownFileType = sourcecode.c.h; path = QtImageReader.h; sourceTree = "<group>"; };
		C1574DD92500B8A3008E0F86 /* Profiles.h */ = {isa = PBXFileReference; fileEncoding = 4; lastKnownFileType = sourcecode.c.h; path = Profiles.h; sourceTree = "<group>"; };
		C1574DDA2500B8A3008E0F86 /* ImageReader.h */ = {isa = PBXFileReference; fileEncoding = 4; lastKnownFileType = sourcecode.c.h; path = ImageReader.h; sourceTree = "<group>"; };
		C1574DDB2500B8A3008E0F86 /* OpenShot.h */ = {isa = PBXFileReference; fileEncoding = 4; lastKnownFileType = sourcecode.c.h; path = OpenShot.h; sourceTree = "<group>"; };
		C1574DDC2500B8A3008E0F86 /* KeyFrame.h */ = {isa = PBXFileReference; fileEncoding = 4; lastKnownFileType = sourcecode.c.h; path = KeyFrame.h; sourceTree = "<group>"; };
		C1574DDD2500B8A3008E0F86 /* CacheMemory.h */ = {isa = PBXFileReference; fileEncoding = 4; lastKnownFileType = sourcecode.c.h; path = CacheMemory.h; sourceTree = "<group>"; };
		C1574DDE2500B8A3008E0F86 /* ChunkReader.h */ = {isa = PBXFileReference; fileEncoding = 4; lastKnownFileType = sourcecode.c.h; path = ChunkReader.h; sourceTree = "<group>"; };
		C1574DDF2500B8A3008E0F86 /* AudioResampler.h */ = {isa = PBXFileReference; fileEncoding = 4; lastKnownFileType = sourcecode.c.h; path = AudioResampler.h; sourceTree = "<group>"; };
		C1574DE02500B8A3008E0F86 /* DecklinkInput.h */ = {isa = PBXFileReference; fileEncoding = 4; lastKnownFileType = sourcecode.c.h; path = DecklinkInput.h; sourceTree = "<group>"; };
		C1574DE12500B8A3008E0F86 /* Point.h */ = {isa = PBXFileReference; fileEncoding = 4; lastKnownFileType = sourcecode.c.h; path = Point.h; sourceTree = "<group>"; };
		C1574DE22500B8A3008E0F86 /* Settings.h */ = {isa = PBXFileReference; fileEncoding = 4; lastKnownFileType = sourcecode.c.h; path = Settings.h; sourceTree = "<group>"; };
		C1574DE32500B8A3008E0F86 /* ClipBase.h */ = {isa = PBXFileReference; fileEncoding = 4; lastKnownFileType = sourcecode.c.h; path = ClipBase.h; sourceTree = "<group>"; };
		C1574DE42500B8A3008E0F86 /* CacheBase.h */ = {isa = PBXFileReference; fileEncoding = 4; lastKnownFileType = sourcecode.c.h; path = CacheBase.h; sourceTree = "<group>"; };
		C1574DE52500B8A3008E0F86 /* PlayerBase.h */ = {isa = PBXFileReference; fileEncoding = 4; lastKnownFileType = sourcecode.c.h; path = PlayerBase.h; sourceTree = "<group>"; };
		C1574DE62500B8A3008E0F86 /* ChannelLayouts.h */ = {isa = PBXFileReference; fileEncoding = 4; lastKnownFileType = sourcecode.c.h; path = ChannelLayouts.h; sourceTree = "<group>"; };
		C1574DE72500B8A3008E0F86 /* Frame.h */ = {isa = PBXFileReference; fileEncoding = 4; lastKnownFileType = sourcecode.c.h; path = Frame.h; sourceTree = "<group>"; };
		C1574DE82500B8A3008E0F86 /* Exceptions.h */ = {isa = PBXFileReference; fileEncoding = 4; lastKnownFileType = sourcecode.c.h; path = Exceptions.h; sourceTree = "<group>"; };
		C1574DE92500B8A3008E0F86 /* Coordinate.h */ = {isa = PBXFileReference; fileEncoding = 4; lastKnownFileType = sourcecode.c.h; path = Coordinate.h; sourceTree = "<group>"; };
		C1574DEB2500B8A3008E0F86 /* VideoPlaybackThread.h */ = {isa = PBXFileReference; fileEncoding = 4; lastKnownFileType = sourcecode.c.h; path = VideoPlaybackThread.h; sourceTree = "<group>"; };
		C1574DEC2500B8A3008E0F86 /* VideoRenderer.h */ = {isa = PBXFileReference; fileEncoding = 4; lastKnownFileType = sourcecode.c.h; path = VideoRenderer.h; sourceTree = "<group>"; };
		C1574DED2500B8A3008E0F86 /* VideoCacheThread.h */ = {isa = PBXFileReference; fileEncoding = 4; lastKnownFileType = sourcecode.c.h; path = VideoCacheThread.h; sourceTree = "<group>"; };
		C1574DEE2500B8A3008E0F86 /* AudioPlaybackThread.h */ = {isa = PBXFileReference; fileEncoding = 4; lastKnownFileType = sourcecode.c.h; path = AudioPlaybackThread.h; sourceTree = "<group>"; };
		C1574DEF2500B8A3008E0F86 /* VideoRenderWidget.h */ = {isa = PBXFileReference; fileEncoding = 4; lastKnownFileType = sourcecode.c.h; path = VideoRenderWidget.h; sourceTree = "<group>"; };
		C1574DF02500B8A3008E0F86 /* PlayerDemo.h */ = {isa = PBXFileReference; fileEncoding = 4; lastKnownFileType = sourcecode.c.h; path = PlayerDemo.h; sourceTree = "<group>"; };
		C1574DF12500B8A3008E0F86 /* PlayerPrivate.h */ = {isa = PBXFileReference; fileEncoding = 4; lastKnownFileType = sourcecode.c.h; path = PlayerPrivate.h; sourceTree = "<group>"; };
		C1574DF22500B8A3008E0F86 /* Color.h */ = {isa = PBXFileReference; fileEncoding = 4; lastKnownFileType = sourcecode.c.h; path = Color.h; sourceTree = "<group>"; };
		C1574DF32500B8A3008E0F86 /* CrashHandler.h */ = {isa = PBXFileReference; fileEncoding = 4; lastKnownFileType = sourcecode.c.h; path = CrashHandler.h; sourceTree = "<group>"; };
		C1574DF42500B8A3008E0F86 /* RendererBase.h */ = {isa = PBXFileReference; fileEncoding = 4; lastKnownFileType = sourcecode.c.h; path = RendererBase.h; sourceTree = "<group>"; };
		C1574DF52500B8A3008E0F86 /* FFmpegWriter.h */ = {isa = PBXFileReference; fileEncoding = 4; lastKnownFileType = sourcecode.c.h; path = FFmpegWriter.h; sourceTree = "<group>"; };
		C1574DF62500B8A3008E0F86 /* WriterBase.h */ = {isa = PBXFileReference; fileEncoding = 4; lastKnownFileType = sourcecode.c.h; path = WriterBase.h; sourceTree = "<group>"; };
		C1574DF72500B8A3008E0F86 /* OpenShotVersion.h.in */ = {isa = PBXFileReference; fileEncoding = 4; lastKnownFileType = text; path = OpenShotVersion.h.in; sourceTree = "<group>"; };
		C1574DF82500B8A3008E0F86 /* DecklinkWriter.h */ = {isa = PBXFileReference; fileEncoding = 4; lastKnownFileType = sourcecode.c.h; path = DecklinkWriter.h; sourceTree = "<group>"; };
		C1574DF92500B8A3008E0F86 /* QtTextReader.h */ = {isa = PBXFileReference; fileEncoding = 4; lastKnownFileType = sourcecode.c.h; path = QtTextReader.h; sourceTree = "<group>"; };
		C1574DFA2500B8A3008E0F86 /* Enums.h */ = {isa = PBXFileReference; fileEncoding = 4; lastKnownFileType = sourcecode.c.h; path = Enums.h; sourceTree = "<group>"; };
		C1574DFB2500B8A3008E0F86 /* OpenMPUtilities.h */ = {isa = PBXFileReference; fileEncoding = 4; lastKnownFileType = sourcecode.c.h; path = OpenMPUtilities.h; sourceTree = "<group>"; };
		C1574DFC2500B8A3008E0F86 /* ChunkWriter.h */ = {isa = PBXFileReference; fileEncoding = 4; lastKnownFileType = sourcecode.c.h; path = ChunkWriter.h; sourceTree = "<group>"; };
		C1574DFD2500B8A3008E0F86 /* FrameMapper.h */ = {isa = PBXFileReference; fileEncoding = 4; lastKnownFileType = sourcecode.c.h; path = FrameMapper.h; sourceTree = "<group>"; };
		C1574DFE2500B8A3008E0F86 /* AudioReaderSource.h */ = {isa = PBXFileReference; fileEncoding = 4; lastKnownFileType = sourcecode.c.h; path = AudioReaderSource.h; sourceTree = "<group>"; };
		C1574DFF2500B8A3008E0F86 /* QtHtmlReader.h */ = {isa = PBXFileReference; fileEncoding = 4; lastKnownFileType = sourcecode.c.h; path = QtHtmlReader.h; sourceTree = "<group>"; };
		C1574E002500B8A3008E0F86 /* ReaderBase.h */ = {isa = PBXFileReference; fileEncoding = 4; lastKnownFileType = sourcecode.c.h; path = ReaderBase.h; sourceTree = "<group>"; };
		C1574E012500B8A3008E0F86 /* Clip.h */ = {isa = PBXFileReference; fileEncoding = 4; lastKnownFileType = sourcecode.c.h; path = Clip.h; sourceTree = "<group>"; };
		C1574E022500B8A3008E0F86 /* Json.h */ = {isa = PBXFileReference; fileEncoding = 4; lastKnownFileType = sourcecode.c.h; path = Json.h; sourceTree = "<group>"; };
		C1574E032500B8A3008E0F86 /* AudioBufferSource.h */ = {isa = PBXFileReference; fileEncoding = 4; lastKnownFileType = sourcecode.c.h; path = AudioBufferSource.h; sourceTree = "<group>"; };
		C1574E042500B8A3008E0F86 /* AudioDeviceInfo.h */ = {isa = PBXFileReference; fileEncoding = 4; lastKnownFileType = sourcecode.c.h; path = AudioDeviceInfo.h; sourceTree = "<group>"; };
		C1574E052500B8A3008E0F86 /* Effects.h */ = {isa = PBXFileReference; fileEncoding = 4; lastKnownFileType = sourcecode.c.h; path = Effects.h; sourceTree = "<group>"; };
		C1574E062500B8A3008E0F86 /* DecklinkOutput.h */ = {isa = PBXFileReference; fileEncoding = 4; lastKnownFileType = sourcecode.c.h; path = DecklinkOutput.h; sourceTree = "<group>"; };
		C1574E072500B8A3008E0F86 /* ImageWriter.h */ = {isa = PBXFileReference; fileEncoding = 4; lastKnownFileType = sourcecode.c.h; path = ImageWriter.h; sourceTree = "<group>"; };
		C1574E082500B8A3008E0F86 /* CacheDisk.h */ = {isa = PBXFileReference; fileEncoding = 4; lastKnownFileType = sourcecode.c.h; path = CacheDisk.h; sourceTree = "<group>"; };
		C1574E092500B8A3008E0F86 /* FFmpegReader.h */ = {isa = PBXFileReference; fileEncoding = 4; lastKnownFileType = sourcecode.c.h; path = FFmpegReader.h; sourceTree = "<group>"; };
		C1574E0A2500B8A3008E0F86 /* TextReader.h */ = {isa = PBXFileReference; fileEncoding = 4; lastKnownFileType = sourcecode.c.h; path = TextReader.h; sourceTree = "<group>"; };
		C1574E0B2500B8A3008E0F86 /* DecklinkReader.h */ = {isa = PBXFileReference; fileEncoding = 4; lastKnownFileType = sourcecode.c.h; path = DecklinkReader.h; sourceTree = "<group>"; };
		C1574E0C2500B8A3008E0F86 /* EffectInfo.h */ = {isa = PBXFileReference; fileEncoding = 4; lastKnownFileType = sourcecode.c.h; path = EffectInfo.h; sourceTree = "<group>"; };
		C1574E0D2500B8A3008E0F86 /* Fraction.h */ = {isa = PBXFileReference; fileEncoding = 4; lastKnownFileType = sourcecode.c.h; path = Fraction.h; sourceTree = "<group>"; };
		C1574E0E2500B8A3008E0F86 /* MagickUtilities.h */ = {isa = PBXFileReference; fileEncoding = 4; lastKnownFileType = sourcecode.c.h; path = MagickUtilities.h; sourceTree = "<group>"; };
		C1574E102500B8A3008E0F86 /* Mask.h */ = {isa = PBXFileReference; fileEncoding = 4; lastKnownFileType = sourcecode.c.h; path = Mask.h; sourceTree = "<group>"; };
		C1574E112500B8A3008E0F86 /* ColorShift.h */ = {isa = PBXFileReference; fileEncoding = 4; lastKnownFileType = sourcecode.c.h; path = ColorShift.h; sourceTree = "<group>"; };
		C1574E122500B8A3008E0F86 /* ChromaKey.h */ = {isa = PBXFileReference; fileEncoding = 4; lastKnownFileType = sourcecode.c.h; path = ChromaKey.h; sourceTree = "<group>"; };
		C1574E132500B8A3008E0F86 /* Blur.h */ = {isa = PBXFileReference; fileEncoding = 4; lastKnownFileType = sourcecode.c.h; path = Blur.h; sourceTree = "<group>"; };
		C1574E142500B8A3008E0F86 /* Deinterlace.h */ = {isa = PBXFileReference; fileEncoding = 4; lastKnownFileType = sourcecode.c.h; path = Deinterlace.h; sourceTree = "<group>"; };
		C1574E152500B8A3008E0F86 /* Negate.h */ = {isa = PBXFileReference; fileEncoding = 4; lastKnownFileType = sourcecode.c.h; path = Negate.h; sourceTree = "<group>"; };
		C1574E162500B8A3008E0F86 /* Shift.h */ = {isa = PBXFileReference; fileEncoding = 4; lastKnownFileType = sourcecode.c.h; path = Shift.h; sourceTree = "<group>"; };
		C1574E172500B8A3008E0F86 /* Crop.h */ = {isa = PBXFileReference; fileEncoding = 4; lastKnownFileType = sourcecode.c.h; path = Crop.h; sourceTree = "<group>"; };
		C1574E182500B8A3008E0F86 /* Brightness.h */ = {isa = PBXFileReference; fileEncoding = 4; lastKnownFileType = sourcecode.c.h; path = Brightness.h; sourceTree = "<group>"; };
		C1574E192500B8A3008E0F86 /* Pixelate.h */ = {isa = PBXFileReference; fileEncoding = 4; lastKnownFileType = sourcecode.c.h; path = Pixelate.h; sourceTree = "<group>"; };
		C1574E1A2500B8A3008E0F86 /* Wave.h */ = {isa = PBXFileReference; fileEncoding = 4; lastKnownFileType = sourcecode.c.h; path = Wave.h; sourceTree = "<group>"; };
		C1574E1B2500B8A3008E0F86 /* Hue.h */ = {isa = PBXFileReference; fileEncoding = 4; lastKnownFileType = sourcecode.c.h; path = Hue.h; sourceTree = "<group>"; };
		C1574E1C2500B8A3008E0F86 /* Saturation.h */ = {isa = PBXFileReference; fileEncoding = 4; lastKnownFileType = sourcecode.c.h; path = Saturation.h; sourceTree = "<group>"; };
		C1574E1D2500B8A3008E0F86 /* Bars.h */ = {isa = PBXFileReference; fileEncoding = 4; lastKnownFileType = sourcecode.c.h; path = Bars.h; sourceTree = "<group>"; };
		C1574E1E2500B8A3008E0F86 /* Timeline.h */ = {isa = PBXFileReference; fileEncoding = 4; lastKnownFileType = sourcecode.c.h; path = Timeline.h; sourceTree = "<group>"; };
		C1574E1F2500B8A3008E0F86 /* QtPlayer.h */ = {isa = PBXFileReference; fileEncoding = 4; lastKnownFileType = sourcecode.c.h; path = QtPlayer.h; sourceTree = "<group>"; };
		C1574E202500B8A3008E0F86 /* EffectBase.h */ = {isa = PBXFileReference; fileEncoding = 4; lastKnownFileType = sourcecode.c.h; path = EffectBase.h; sourceTree = "<group>"; };
		C1574E212500B8A3008E0F86 /* FFmpegUtilities.h */ = {isa = PBXFileReference; fileEncoding = 4; lastKnownFileType = sourcecode.c.h; path = FFmpegUtilities.h; sourceTree = "<group>"; };
		C1574E242500B8A3008E0F86 /* __init__.py */ = {isa = PBXFileReference; fileEncoding = 4; lastKnownFileType = text.script.python; path = __init__.py; sourceTree = "<group>"; };
		C1574E262500B8A3008E0F86 /* FindZeroMQ.cmake */ = {isa = PBXFileReference; fileEncoding = 4; lastKnownFileType = text; path = FindZeroMQ.cmake; sourceTree = "<group>"; };
		C1574E272500B8A3008E0F86 /* FindOpenShotAudio.cmake */ = {isa = PBXFileReference; fileEncoding = 4; lastKnownFileType = text; path = FindOpenShotAudio.cmake; sourceTree = "<group>"; };
		C1574E282500B8A3008E0F86 /* FindJack.cmake */ = {isa = PBXFileReference; fileEncoding = 4; lastKnownFileType = text; path = FindJack.cmake; sourceTree = "<group>"; };
		C1574E292500B8A4008E0F86 /* FindUnitTest++.cmake */ = {isa = PBXFileReference; fileEncoding = 4; lastKnownFileType = text; path = "FindUnitTest++.cmake"; sourceTree = "<group>"; };
		C1574E2A2500B8A4008E0F86 /* FindFFmpeg.cmake */ = {isa = PBXFileReference; fileEncoding = 4; lastKnownFileType = text; path = FindFFmpeg.cmake; sourceTree = "<group>"; };
		C1574E2B2500B8A4008E0F86 /* FindBlackMagic.cmake */ = {isa = PBXFileReference; fileEncoding = 4; lastKnownFileType = text; path = FindBlackMagic.cmake; sourceTree = "<group>"; };
		C1574E2C2500B8A4008E0F86 /* UseDoxygen.cmake */ = {isa = PBXFileReference; fileEncoding = 4; lastKnownFileType = text; path = UseDoxygen.cmake; sourceTree = "<group>"; };
		C1574E2D2500B8A4008E0F86 /* FindRESVG.cmake */ = {isa = PBXFileReference; fileEncoding = 4; lastKnownFileType = text; path = FindRESVG.cmake; sourceTree = "<group>"; };
		C1574E2E2500B8A4008E0F86 /* FindZMQ.cmake */ = {isa = PBXFileReference; fileEncoding = 4; lastKnownFileType = text; path = FindZMQ.cmake; sourceTree = "<group>"; };
		C1574E2F2500B8A4008E0F86 /* Findjsoncpp.cmake */ = {isa = PBXFileReference; fileEncoding = 4; lastKnownFileType = text; path = Findjsoncpp.cmake; sourceTree = "<group>"; };
		C1574E302500B8A4008E0F86 /* UnitTest++_CMakeLists.txt */ = {isa = PBXFileReference; fileEncoding = 4; lastKnownFileType = text; path = "UnitTest++_CMakeLists.txt"; sourceTree = "<group>"; };
		C1574E312500B8A4008E0F86 /* CodeCoverage.cmake */ = {isa = PBXFileReference; fileEncoding = 4; lastKnownFileType = text; path = CodeCoverage.cmake; sourceTree = "<group>"; };
		C1574E332500B8A4008E0F86 /* AudioReaderSource.cpp */ = {isa = PBXFileReference; fileEncoding = 4; lastKnownFileType = sourcecode.cpp.cpp; path = AudioReaderSource.cpp; sourceTree = "<group>"; };
		C1574E342500B8A4008E0F86 /* TextReader.cpp */ = {isa = PBXFileReference; fileEncoding = 4; lastKnownFileType = sourcecode.cpp.cpp; path = TextReader.cpp; sourceTree = "<group>"; };
		C1574E352500B8A4008E0F86 /* Frame.cpp */ = {isa = PBXFileReference; fileEncoding = 4; lastKnownFileType = sourcecode.cpp.cpp; path = Frame.cpp; sourceTree = "<group>"; };
		C1574E362500B8A4008E0F86 /* CMakeLists.txt */ = {isa = PBXFileReference; fileEncoding = 4; lastKnownFileType = text; path = CMakeLists.txt; sourceTree = "<group>"; };
		C1574E372500B8A4008E0F86 /* ChunkWriter.cpp */ = {isa = PBXFileReference; fileEncoding = 4; lastKnownFileType = sourcecode.cpp.cpp; path = ChunkWriter.cpp; sourceTree = "<group>"; };
		C1574E382500B8A4008E0F86 /* Fraction.cpp */ = {isa = PBXFileReference; fileEncoding = 4; lastKnownFileType = sourcecode.cpp.cpp; path = Fraction.cpp; sourceTree = "<group>"; };
		C1574E392500B8A4008E0F86 /* ImageWriter.cpp */ = {isa = PBXFileReference; fileEncoding = 4; lastKnownFileType = sourcecode.cpp.cpp; path = ImageWriter.cpp; sourceTree = "<group>"; };
		C1574E3A2500B8A4008E0F86 /* OpenShotVersion.cpp */ = {isa = PBXFileReference; fileEncoding = 4; lastKnownFileType = sourcecode.cpp.cpp; path = OpenShotVersion.cpp; sourceTree = "<group>"; };
		C1574E3B2500B8A4008E0F86 /* DecklinkReader.cpp */ = {isa = PBXFileReference; fileEncoding = 4; lastKnownFileType = sourcecode.cpp.cpp; path = DecklinkReader.cpp; sourceTree = "<group>"; };
		C1574E3C2500B8A4008E0F86 /* QtImageReader.cpp */ = {isa = PBXFileReference; fileEncoding = 4; lastKnownFileType = sourcecode.cpp.cpp; path = QtImageReader.cpp; sourceTree = "<group>"; };
		C1574E3D2500B8A4008E0F86 /* Profiles.cpp */ = {isa = PBXFileReference; fileEncoding = 4; lastKnownFileType = sourcecode.cpp.cpp; path = Profiles.cpp; sourceTree = "<group>"; };
		C1574E3E2500B8A4008E0F86 /* FrameMapper.cpp */ = {isa = PBXFileReference; fileEncoding = 4; lastKnownFileType = sourcecode.cpp.cpp; path = FrameMapper.cpp; sourceTree = "<group>"; };
		C1574E3F2500B8A4008E0F86 /* QtPlayer.cpp */ = {isa = PBXFileReference; fileEncoding = 4; lastKnownFileType = sourcecode.cpp.cpp; path = QtPlayer.cpp; sourceTree = "<group>"; };
		C1574E402500B8A4008E0F86 /* QtHtmlReader.cpp */ = {isa = PBXFileReference; fileEncoding = 4; lastKnownFileType = sourcecode.cpp.cpp; path = QtHtmlReader.cpp; sourceTree = "<group>"; };
		C1574E412500B8A4008E0F86 /* ReaderBase.cpp */ = {isa = PBXFileReference; fileEncoding = 4; lastKnownFileType = sourcecode.cpp.cpp; path = ReaderBase.cpp; sourceTree = "<group>"; };
		C1574E442500B8A4008E0F86 /* main.cpp */ = {isa = PBXFileReference; fileEncoding = 4; lastKnownFileType = sourcecode.cpp.cpp; path = main.cpp; sourceTree = "<group>"; };
		C1574E452500B8A4008E0F86 /* VideoRenderWidget.cpp */ = {isa = PBXFileReference; fileEncoding = 4; lastKnownFileType = sourcecode.cpp.cpp; path = VideoRenderWidget.cpp; sourceTree = "<group>"; };
		C1574E462500B8A4008E0F86 /* VideoCacheThread.cpp */ = {isa = PBXFileReference; fileEncoding = 4; lastKnownFileType = sourcecode.cpp.cpp; path = VideoCacheThread.cpp; sourceTree = "<group>"; };
		C1574E472500B8A4008E0F86 /* VideoRenderer.cpp */ = {isa = PBXFileReference; fileEncoding = 4; lastKnownFileType = sourcecode.cpp.cpp; path = VideoRenderer.cpp; sourceTree = "<group>"; };
		C1574E482500B8A4008E0F86 /* PlayerDemo.cpp */ = {isa = PBXFileReference; fileEncoding = 4; lastKnownFileType = sourcecode.cpp.cpp; path = PlayerDemo.cpp; sourceTree = "<group>"; };
		C1574E492500B8A4008E0F86 /* PlayerPrivate.cpp */ = {isa = PBXFileReference; fileEncoding = 4; lastKnownFileType = sourcecode.cpp.cpp; path = PlayerPrivate.cpp; sourceTree = "<group>"; };
		C1574E4A2500B8A4008E0F86 /* AudioPlaybackThread.cpp */ = {isa = PBXFileReference; fileEncoding = 4; lastKnownFileType = sourcecode.cpp.cpp; path = AudioPlaybackThread.cpp; sourceTree = "<group>"; };
		C1574E4B2500B8A4008E0F86 /* VideoPlaybackThread.cpp */ = {isa = PBXFileReference; fileEncoding = 4; lastKnownFileType = sourcecode.cpp.cpp; path = VideoPlaybackThread.cpp; sourceTree = "<group>"; };
		C1574E4C2500B8A4008E0F86 /* DecklinkWriter.cpp */ = {isa = PBXFileReference; fileEncoding = 4; lastKnownFileType = sourcecode.cpp.cpp; path = DecklinkWriter.cpp; sourceTree = "<group>"; };
		C1574E4D2500B8A4008E0F86 /* EffectBase.cpp */ = {isa = PBXFileReference; fileEncoding = 4; lastKnownFileType = sourcecode.cpp.cpp; path = EffectBase.cpp; sourceTree = "<group>"; };
		C1574E4E2500B8A4008E0F86 /* ImageReader.cpp */ = {isa = PBXFileReference; fileEncoding = 4; lastKnownFileType = sourcecode.cpp.cpp; path = ImageReader.cpp; sourceTree = "<group>"; };
		C1574E4F2500B8A4008E0F86 /* PlayerBase.cpp */ = {isa = PBXFileReference; fileEncoding = 4; lastKnownFileType = sourcecode.cpp.cpp; path = PlayerBase.cpp; sourceTree = "<group>"; };
		C1574E502500B8A4008E0F86 /* Coordinate.cpp */ = {isa = PBXFileReference; fileEncoding = 4; lastKnownFileType = sourcecode.cpp.cpp; path = Coordinate.cpp; sourceTree = "<group>"; };
		C1574E512500B8A4008E0F86 /* Timeline.cpp */ = {isa = PBXFileReference; fileEncoding = 4; lastKnownFileType = sourcecode.cpp.cpp; path = Timeline.cpp; sourceTree = "<group>"; };
		C1574E522500B8A4008E0F86 /* CacheMemory.cpp */ = {isa = PBXFileReference; fileEncoding = 4; lastKnownFileType = sourcecode.cpp.cpp; path = CacheMemory.cpp; sourceTree = "<group>"; };
		C1574E532500B8A4008E0F86 /* Color.cpp */ = {isa = PBXFileReference; fileEncoding = 4; lastKnownFileType = sourcecode.cpp.cpp; path = Color.cpp; sourceTree = "<group>"; };
		C1574E542500B8A4008E0F86 /* ChunkReader.cpp */ = {isa = PBXFileReference; fileEncoding = 4; lastKnownFileType = sourcecode.cpp.cpp; path = ChunkReader.cpp; sourceTree = "<group>"; };
		C1574E552500B8A4008E0F86 /* AudioBufferSource.cpp */ = {isa = PBXFileReference; fileEncoding = 4; lastKnownFileType = sourcecode.cpp.cpp; path = AudioBufferSource.cpp; sourceTree = "<group>"; };
		C1574E562500B8A4008E0F86 /* DecklinkInput.cpp */ = {isa = PBXFileReference; fileEncoding = 4; lastKnownFileType = sourcecode.cpp.cpp; path = DecklinkInput.cpp; sourceTree = "<group>"; };
		C1574E572500B8A4008E0F86 /* KeyFrame.cpp */ = {isa = PBXFileReference; fileEncoding = 4; lastKnownFileType = sourcecode.cpp.cpp; path = KeyFrame.cpp; sourceTree = "<group>"; };
		C1574E582500B8A4008E0F86 /* CacheDisk.cpp */ = {isa = PBXFileReference; fileEncoding = 4; lastKnownFileType = sourcecode.cpp.cpp; path = CacheDisk.cpp; sourceTree = "<group>"; };
		C1574E592500B8A4008E0F86 /* CrashHandler.cpp */ = {isa = PBXFileReference; fileEncoding = 4; lastKnownFileType = sourcecode.cpp.cpp; path = CrashHandler.cpp; sourceTree = "<group>"; };
		C1574E5A2500B8A4008E0F86 /* Point.cpp */ = {isa = PBXFileReference; fileEncoding = 4; lastKnownFileType = sourcecode.cpp.cpp; path = Point.cpp; sourceTree = "<group>"; };
		C1574E5B2500B8A4008E0F86 /* FFmpegReader.cpp */ = {isa = PBXFileReference; fileEncoding = 4; lastKnownFileType = sourcecode.cpp.cpp; path = FFmpegReader.cpp; sourceTree = "<group>"; };
		C1574E5D2500B8A4008E0F86 /* Example.cpp */ = {isa = PBXFileReference; fileEncoding = 4; lastKnownFileType = sourcecode.cpp.cpp; path = Example.cpp; sourceTree = "<group>"; };
		C1574E5E2500B8A4008E0F86 /* ExampleHtml.py */ = {isa = PBXFileReference; fileEncoding = 4; lastKnownFileType = text.script.python; path = ExampleHtml.py; sourceTree = "<group>"; };
		C1574E5F2500B8A4008E0F86 /* piano.wav */ = {isa = PBXFileReference; lastKnownFileType = audio.wav; path = piano.wav; sourceTree = "<group>"; };
		C1574E602500B8A4008E0F86 /* front3.png */ = {isa = PBXFileReference; lastKnownFileType = image.png; path = front3.png; sourceTree = "<group>"; };
		C1574E612500B8A4008E0F86 /* test.mp4 */ = {isa = PBXFileReference; lastKnownFileType = file; path = test.mp4; sourceTree = "<group>"; };
		C1574E622500B8A4008E0F86 /* Example.rb */ = {isa = PBXFileReference; fileEncoding = 4; lastKnownFileType = text.script.ruby; path = Example.rb; sourceTree = "<group>"; };
		C1574E632500B8A4008E0F86 /* final-composite.png */ = {isa = PBXFileReference; lastKnownFileType = image.png; path = "final-composite.png"; sourceTree = "<group>"; };
		C1574E642500B8A4008E0F86 /* ExampleBlackmagic.cpp */ = {isa = PBXFileReference; fileEncoding = 4; lastKnownFileType = sourcecode.cpp.cpp; path = ExampleBlackmagic.cpp; sourceTree = "<group>"; };
		C1574E652500B8A4008E0F86 /* OpenShot Wipe Tests.py */ = {isa = PBXFileReference; fileEncoding = 4; lastKnownFileType = text.script.python; path = "OpenShot Wipe Tests.py"; sourceTree = "<group>"; };
		C1574E662500B8A4008E0F86 /* Example.py */ = {isa = PBXFileReference; fileEncoding = 4; lastKnownFileType = text.script.python; path = Example.py; sourceTree = "<group>"; };
		C1574E672500B8A4008E0F86 /* interlaced.png */ = {isa = PBXFileReference; lastKnownFileType = image.png; path = interlaced.png; sourceTree = "<group>"; };
		C1574E682500B8A4008E0F86 /* sintel_trailer-720p.mp4 */ = {isa = PBXFileReference; lastKnownFileType = file; path = "sintel_trailer-720p.mp4"; sourceTree = "<group>"; };
		C1574E692500B8A4008E0F86 /* mask2.png */ = {isa = PBXFileReference; lastKnownFileType = image.png; path = mask2.png; sourceTree = "<group>"; };
		C1574E6A2500B8A4008E0F86 /* test1.mp4 */ = {isa = PBXFileReference; lastKnownFileType = file; path = test1.mp4; sourceTree = "<group>"; };
		C1574E6B2500B8A4008E0F86 /* output-final.png */ = {isa = PBXFileReference; lastKnownFileType = image.png; path = "output-final.png"; sourceTree = "<group>"; };
		C1574E6C2500B8A4008E0F86 /* ExampleHtml.cpp */ = {isa = PBXFileReference; fileEncoding = 4; lastKnownFileType = sourcecode.cpp.cpp; path = ExampleHtml.cpp; sourceTree = "<group>"; };
		C1574E6D2500B8A4008E0F86 /* test.wav */ = {isa = PBXFileReference; lastKnownFileType = audio.wav; path = test.wav; sourceTree = "<group>"; };
		C1574E6E2500B8A4008E0F86 /* piano-mono.wav */ = {isa = PBXFileReference; lastKnownFileType = audio.wav; path = "piano-mono.wav"; sourceTree = "<group>"; };
		C1574E6F2500B8A4008E0F86 /* mask.png */ = {isa = PBXFileReference; lastKnownFileType = image.png; path = mask.png; sourceTree = "<group>"; };
		C1574E702500B8A4008E0F86 /* back.png */ = {isa = PBXFileReference; lastKnownFileType = image.png; path = back.png; sourceTree = "<group>"; };
		C1574E712500B8A4008E0F86 /* front.png */ = {isa = PBXFileReference; lastKnownFileType = image.png; path = front.png; sourceTree = "<group>"; };
		C1574E722500B8A4008E0F86 /* QtTextReader.cpp */ = {isa = PBXFileReference; fileEncoding = 4; lastKnownFileType = sourcecode.cpp.cpp; path = QtTextReader.cpp; sourceTree = "<group>"; };
		C1574E732500B8A4008E0F86 /* Clip.cpp */ = {isa = PBXFileReference; fileEncoding = 4; lastKnownFileType = sourcecode.cpp.cpp; path = Clip.cpp; sourceTree = "<group>"; };
		C1574E742500B8A4008E0F86 /* RendererBase.cpp */ = {isa = PBXFileReference; fileEncoding = 4; lastKnownFileType = sourcecode.cpp.cpp; path = RendererBase.cpp; sourceTree = "<group>"; };
		C1574E752500B8A4008E0F86 /* AudioResampler.cpp */ = {isa = PBXFileReference; fileEncoding = 4; lastKnownFileType = sourcecode.cpp.cpp; path = AudioResampler.cpp; sourceTree = "<group>"; };
		C1574E762500B8A4008E0F86 /* ClipBase.cpp */ = {isa = PBXFileReference; fileEncoding = 4; lastKnownFileType = sourcecode.cpp.cpp; path = ClipBase.cpp; sourceTree = "<group>"; };
		C1574E772500B8A4008E0F86 /* ZmqLogger.cpp */ = {isa = PBXFileReference; fileEncoding = 4; lastKnownFileType = sourcecode.cpp.cpp; path = ZmqLogger.cpp; sourceTree = "<group>"; };
		C1574E782500B8A4008E0F86 /* DummyReader.cpp */ = {isa = PBXFileReference; fileEncoding = 4; lastKnownFileType = sourcecode.cpp.cpp; path = DummyReader.cpp; sourceTree = "<group>"; };
		C1574E792500B8A4008E0F86 /* EffectInfo.cpp */ = {isa = PBXFileReference; fileEncoding = 4; lastKnownFileType = sourcecode.cpp.cpp; path = EffectInfo.cpp; sourceTree = "<group>"; };
		C1574E7B2500B8A4008E0F86 /* CMakeLists.txt */ = {isa = PBXFileReference; fileEncoding = 4; lastKnownFileType = text; path = CMakeLists.txt; sourceTree = "<group>"; };
		C1574E7D2500B8A4008E0F86 /* openshot.i */ = {isa = PBXFileReference; fileEncoding = 4; lastKnownFileType = sourcecode.c.c.preprocessed; path = openshot.i; sourceTree = "<group>"; };
		C1574E7E2500B8A4008E0F86 /* CMakeLists.txt */ = {isa = PBXFileReference; fileEncoding = 4; lastKnownFileType = text; path = CMakeLists.txt; sourceTree = "<group>"; };
		C1574E802500B8A4008E0F86 /* openshot.i */ = {isa = PBXFileReference; fileEncoding = 4; lastKnownFileType = sourcecode.c.c.preprocessed; path = openshot.i; sourceTree = "<group>"; };
		C1574E812500B8A4008E0F86 /* CMakeLists.txt */ = {isa = PBXFileReference; fileEncoding = 4; lastKnownFileType = text; path = CMakeLists.txt; sourceTree = "<group>"; };
		C1574E832500B8A4008E0F86 /* Saturation.cpp */ = {isa = PBXFileReference; fileEncoding = 4; lastKnownFileType = sourcecode.cpp.cpp; path = Saturation.cpp; sourceTree = "<group>"; };
		C1574E842500B8A4008E0F86 /* Mask.cpp */ = {isa = PBXFileReference; fileEncoding = 4; lastKnownFileType = sourcecode.cpp.cpp; path = Mask.cpp; sourceTree = "<group>"; };
		C1574E852500B8A4008E0F86 /* Wave.cpp */ = {isa = PBXFileReference; fileEncoding = 4; lastKnownFileType = sourcecode.cpp.cpp; path = Wave.cpp; sourceTree = "<group>"; };
		C1574E862500B8A4008E0F86 /* Bars.cpp */ = {isa = PBXFileReference; fileEncoding = 4; lastKnownFileType = sourcecode.cpp.cpp; path = Bars.cpp; sourceTree = "<group>"; };
		C1574E872500B8A4008E0F86 /* Brightness.cpp */ = {isa = PBXFileReference; fileEncoding = 4; lastKnownFileType = sourcecode.cpp.cpp; path = Brightness.cpp; sourceTree = "<group>"; };
		C1574E882500B8A4008E0F86 /* Deinterlace.cpp */ = {isa = PBXFileReference; fileEncoding = 4; lastKnownFileType = sourcecode.cpp.cpp; path = Deinterlace.cpp; sourceTree = "<group>"; };
		C1574E892500B8A4008E0F86 /* Blur.cpp */ = {isa = PBXFileReference; fileEncoding = 4; lastKnownFileType = sourcecode.cpp.cpp; path = Blur.cpp; sourceTree = "<group>"; };
		C1574E8A2500B8A4008E0F86 /* Negate.cpp */ = {isa = PBXFileReference; fileEncoding = 4; lastKnownFileType = sourcecode.cpp.cpp; path = Negate.cpp; sourceTree = "<group>"; };
		C1574E8B2500B8A4008E0F86 /* Crop.cpp */ = {isa = PBXFileReference; fileEncoding = 4; lastKnownFileType = sourcecode.cpp.cpp; path = Crop.cpp; sourceTree = "<group>"; };
		C1574E8C2500B8A4008E0F86 /* ColorShift.cpp */ = {isa = PBXFileReference; fileEncoding = 4; lastKnownFileType = sourcecode.cpp.cpp; path = ColorShift.cpp; sourceTree = "<group>"; };
		C1574E8D2500B8A4008E0F86 /* Shift.cpp */ = {isa = PBXFileReference; fileEncoding = 4; lastKnownFileType = sourcecode.cpp.cpp; path = Shift.cpp; sourceTree = "<group>"; };
		C1574E8E2500B8A4008E0F86 /* Hue.cpp */ = {isa = PBXFileReference; fileEncoding = 4; lastKnownFileType = sourcecode.cpp.cpp; path = Hue.cpp; sourceTree = "<group>"; };
		C1574E8F2500B8A4008E0F86 /* ChromaKey.cpp */ = {isa = PBXFileReference; fileEncoding = 4; lastKnownFileType = sourcecode.cpp.cpp; path = ChromaKey.cpp; sourceTree = "<group>"; };
		C1574E902500B8A4008E0F86 /* Pixelate.cpp */ = {isa = PBXFileReference; fileEncoding = 4; lastKnownFileType = sourcecode.cpp.cpp; path = Pixelate.cpp; sourceTree = "<group>"; };
		C1574E912500B8A4008E0F86 /* CacheBase.cpp */ = {isa = PBXFileReference; fileEncoding = 4; lastKnownFileType = sourcecode.cpp.cpp; path = CacheBase.cpp; sourceTree = "<group>"; };
		C1574E922500B8A4008E0F86 /* Json.cpp */ = {isa = PBXFileReference; fileEncoding = 4; lastKnownFileType = sourcecode.cpp.cpp; path = Json.cpp; sourceTree = "<group>"; };
		C1574E932500B8A4008E0F86 /* DecklinkOutput.cpp */ = {isa = PBXFileReference; fileEncoding = 4; lastKnownFileType = sourcecode.cpp.cpp; path = DecklinkOutput.cpp; sourceTree = "<group>"; };
		C1574E942500B8A4008E0F86 /* WriterBase.cpp */ = {isa = PBXFileReference; fileEncoding = 4; lastKnownFileType = sourcecode.cpp.cpp; path = WriterBase.cpp; sourceTree = "<group>"; };
		C1574E952500B8A4008E0F86 /* Settings.cpp */ = {isa = PBXFileReference; fileEncoding = 4; lastKnownFileType = sourcecode.cpp.cpp; path = Settings.cpp; sourceTree = "<group>"; };
		C1574E962500B8A4008E0F86 /* FFmpegWriter.cpp */ = {isa = PBXFileReference; fileEncoding = 4; lastKnownFileType = sourcecode.cpp.cpp; path = FFmpegWriter.cpp; sourceTree = "<group>"; };
		C1574E972500B8A4008E0F86 /* CMakeLists.txt */ = {isa = PBXFileReference; fileEncoding = 4; lastKnownFileType = text; name = CMakeLists.txt; path = ../../CMakeLists.txt; sourceTree = "<group>"; };
		C1574E982500B8A4008E0F86 /* AUTHORS */ = {isa = PBXFileReference; fileEncoding = 4; lastKnownFileType = text; name = AUTHORS; path = ../../AUTHORS; sourceTree = "<group>"; };
		C1574E992500B8A4008E0F86 /* Doxyfile.in */ = {isa = PBXFileReference; fileEncoding = 4; lastKnownFileType = text; name = Doxyfile.in; path = ../../Doxyfile.in; sourceTree = "<group>"; };
		C1574E9C2500B8A4008E0F86 /* LICENSE */ = {isa = PBXFileReference; fileEncoding = 4; lastKnownFileType = text; path = LICENSE; sourceTree = "<group>"; };
		C1574E9E2500B8A4008E0F86 /* json-forwards.h */ = {isa = PBXFileReference; fileEncoding = 4; lastKnownFileType = sourcecode.c.h; path = "json-forwards.h"; sourceTree = "<group>"; };
		C1574E9F2500B8A4008E0F86 /* json.h */ = {isa = PBXFileReference; fileEncoding = 4; lastKnownFileType = sourcecode.c.h; path = json.h; sourceTree = "<group>"; };
		C1574EA02500B8A4008E0F86 /* jsoncpp.cpp */ = {isa = PBXFileReference; fileEncoding = 4; lastKnownFileType = sourcecode.cpp.cpp; path = jsoncpp.cpp; sourceTree = "<group>"; };
		C1574EA12500B8A4008E0F86 /* COPYING */ = {isa = PBXFileReference; fileEncoding = 4; lastKnownFileType = text; name = COPYING; path = ../../COPYING; sourceTree = "<group>"; };
		C1574EA42500B8A4008E0F86 /* libopenshot.xcodeproj */ = {isa = PBXFileReference; lastKnownFileType = "wrapper.pb-project"; path = libopenshot.xcodeproj; sourceTree = "<group>"; };
		C1574EA82500B8A4008E0F86 /* main.cpp */ = {isa = PBXFileReference; fileEncoding = 4; lastKnownFileType = sourcecode.cpp.cpp; path = main.cpp; sourceTree = "<group>"; };
		C1574EAB2500B8A4008E0F86 /* CMakeDetermineCompilerABI_CXX.bin */ = {isa = PBXFileReference; lastKnownFileType = archive.macbinary; path = CMakeDetermineCompilerABI_CXX.bin; sourceTree = "<group>"; };
		C1574EAC2500B8A4008E0F86 /* CMakeDetermineCompilerABI_C.bin */ = {isa = PBXFileReference; lastKnownFileType = archive.macbinary; path = CMakeDetermineCompilerABI_C.bin; sourceTree = "<group>"; };
		C1574EAE2500B8A4008E0F86 /* CMakeCCompilerId.c */ = {isa = PBXFileReference; fileEncoding = 4; lastKnownFileType = sourcecode.c.c; path = CMakeCCompilerId.c; sourceTree = "<group>"; };
		C1574EAF2500B8A4008E0F86 /* a.out */ = {isa = PBXFileReference; lastKnownFileType = "compiled.mach-o.executable"; path = a.out; sourceTree = "<group>"; };
		C1574EB22500B8A4008E0F86 /* a.out */ = {isa = PBXFileReference; lastKnownFileType = "compiled.mach-o.executable"; path = a.out; sourceTree = "<group>"; };
		C1574EB32500B8A4008E0F86 /* CMakeCXXCompilerId.cpp */ = {isa = PBXFileReference; fileEncoding = 4; lastKnownFileType = sourcecode.cpp.cpp; path = CMakeCXXCompilerId.cpp; sourceTree = "<group>"; };
		C1574EB52500B8A4008E0F86 /* CMakeCXXCompiler.cmake */ = {isa = PBXFileReference; fileEncoding = 4; lastKnownFileType = text; path = CMakeCXXCompiler.cmake; sourceTree = "<group>"; };
		C1574EB62500B8A4008E0F86 /* CMakeCCompiler.cmake */ = {isa = PBXFileReference; fileEncoding = 4; lastKnownFileType = text; path = CMakeCCompiler.cmake; sourceTree = "<group>"; };
		C1574EB72500B8A4008E0F86 /* CMakeSystem.cmake */ = {isa = PBXFileReference; fileEncoding = 4; lastKnownFileType = text; path = CMakeSystem.cmake; sourceTree = "<group>"; };
		C1574EB82500B8A4008E0F86 /* cmake.check_cache */ = {isa = PBXFileReference; fileEncoding = 4; lastKnownFileType = text; path = cmake.check_cache; sourceTree = "<group>"; };
		C1574EB92500B8A4008E0F86 /* CMakeOutput.log */ = {isa = PBXFileReference; fileEncoding = 4; lastKnownFileType = text; path = CMakeOutput.log; sourceTree = "<group>"; };
		C1574EBC2500B8A4008E0F86 /* OpenShotVersion.h */ = {isa = PBXFileReference; fileEncoding = 4; lastKnownFileType = sourcecode.c.h; path = OpenShotVersion.h; sourceTree = "<group>"; };
		C1574EBD2500B8A4008E0F86 /* CMakeCache.txt */ = {isa = PBXFileReference; fileEncoding = 4; lastKnownFileType = text; path = CMakeCache.txt; sourceTree = "<group>"; };
		C1574EC32500B8A4008E0F86 /* query.json */ = {isa = PBXFileReference; fileEncoding = 4; lastKnownFileType = text.json; path = query.json; sourceTree = "<group>"; };
		C1574EC92500B8A4008E0F86 /* .bzrignore */ = {isa = PBXFileReference; fileEncoding = 4; lastKnownFileType = text; name = .bzrignore; path = ../../.bzrignore; sourceTree = "<group>"; };
		C1574ECB2500B8A4008E0F86 /* FFmpegWriter_Tests.cpp */ = {isa = PBXFileReference; fileEncoding = 4; lastKnownFileType = sourcecode.cpp.cpp; path = FFmpegWriter_Tests.cpp; sourceTree = "<group>"; };
		C1574ECC2500B8A4008E0F86 /* DummyReader_Tests.cpp */ = {isa = PBXFileReference; fileEncoding = 4; lastKnownFileType = sourcecode.cpp.cpp; path = DummyReader_Tests.cpp; sourceTree = "<group>"; };
		C1574ECD2500B8A4008E0F86 /* Fraction_Tests.cpp */ = {isa = PBXFileReference; fileEncoding = 4; lastKnownFileType = sourcecode.cpp.cpp; path = Fraction_Tests.cpp; sourceTree = "<group>"; };
		C1574ECE2500B8A4008E0F86 /* ImageWriter_Tests.cpp */ = {isa = PBXFileReference; fileEncoding = 4; lastKnownFileType = sourcecode.cpp.cpp; path = ImageWriter_Tests.cpp; sourceTree = "<group>"; };
		C1574ECF2500B8A4008E0F86 /* CMakeLists.txt */ = {isa = PBXFileReference; fileEncoding = 4; lastKnownFileType = text; path = CMakeLists.txt; sourceTree = "<group>"; };
		C1574ED02500B8A4008E0F86 /* Cache_Tests.cpp */ = {isa = PBXFileReference; fileEncoding = 4; lastKnownFileType = sourcecode.cpp.cpp; path = Cache_Tests.cpp; sourceTree = "<group>"; };
		C1574ED12500B8A4008E0F86 /* Coordinate_Tests.cpp */ = {isa = PBXFileReference; fileEncoding = 4; lastKnownFileType = sourcecode.cpp.cpp; path = Coordinate_Tests.cpp; sourceTree = "<group>"; };
		C1574ED22500B8A4008E0F86 /* Color_Tests.cpp */ = {isa = PBXFileReference; fileEncoding = 4; lastKnownFileType = sourcecode.cpp.cpp; path = Color_Tests.cpp; sourceTree = "<group>"; };
		C1574ED32500B8A4008E0F86 /* Settings_Tests.cpp */ = {isa = PBXFileReference; fileEncoding = 4; lastKnownFileType = sourcecode.cpp.cpp; path = Settings_Tests.cpp; sourceTree = "<group>"; };
		C1574ED42500B8A4008E0F86 /* Point_Tests.cpp */ = {isa = PBXFileReference; fileEncoding = 4; lastKnownFileType = sourcecode.cpp.cpp; path = Point_Tests.cpp; sourceTree = "<group>"; };
		C1574ED52500B8A4008E0F86 /* FFmpegReader_Tests.cpp */ = {isa = PBXFileReference; fileEncoding = 4; lastKnownFileType = sourcecode.cpp.cpp; path = FFmpegReader_Tests.cpp; sourceTree = "<group>"; };
		C1574ED62500B8A4008E0F86 /* ReaderBase_Tests.cpp */ = {isa = PBXFileReference; fileEncoding = 4; lastKnownFileType = sourcecode.cpp.cpp; path = ReaderBase_Tests.cpp; sourceTree = "<group>"; };
		C1574ED72500B8A4008E0F86 /* Frame_Tests.cpp */ = {isa = PBXFileReference; fileEncoding = 4; lastKnownFileType = sourcecode.cpp.cpp; path = Frame_Tests.cpp; sourceTree = "<group>"; };
		C1574ED82500B8A4008E0F86 /* Clip_Tests.cpp */ = {isa = PBXFileReference; fileEncoding = 4; lastKnownFileType = sourcecode.cpp.cpp; path = Clip_Tests.cpp; sourceTree = "<group>"; };
		C1574ED92500B8A4008E0F86 /* tests.cpp */ = {isa = PBXFileReference; fileEncoding = 4; lastKnownFileType = sourcecode.cpp.cpp; path = tests.cpp; sourceTree = "<group>"; };
		C1574EDA2500B8A4008E0F86 /* Timeline_Tests.cpp */ = {isa = PBXFileReference; fileEncoding = 4; lastKnownFileType = sourcecode.cpp.cpp; path = Timeline_Tests.cpp; sourceTree = "<group>"; };
		C1574EDB2500B8A4008E0F86 /* KeyFrame_Tests.cpp */ = {isa = PBXFileReference; fileEncoding = 4; lastKnownFileType = sourcecode.cpp.cpp; path = KeyFrame_Tests.cpp; sourceTree = "<group>"; };
		C1574EDC2500B8A4008E0F86 /* FrameMapper_Tests.cpp */ = {isa = PBXFileReference; fileEncoding = 4; lastKnownFileType = sourcecode.cpp.cpp; path = FrameMapper_Tests.cpp; sourceTree = "<group>"; };
		C1574EDD2500B8A4008E0F86 /* version.sh */ = {isa = PBXFileReference; fileEncoding = 4; lastKnownFileType = text.script.sh; name = version.sh; path = ../../version.sh; sourceTree = "<group>"; };
/* End PBXFileReference section */

/* Begin PBXFrameworksBuildPhase section */
		C15746E425009F63008E0F86 /* Frameworks */ = {
			isa = PBXFrameworksBuildPhase;
			buildActionMask = 2147483647;
			files = (
			);
			runOnlyForDeploymentPostprocessing = 0;
		};
/* End PBXFrameworksBuildPhase section */

/* Begin PBXGroup section */
		C15746DE25009F63008E0F86 = {
			isa = PBXGroup;
			children = (
				C15746E925009F63008E0F86 /* libopenshot */,
				C15746E825009F63008E0F86 /* Products */,
			);
			sourceTree = "<group>";
		};
		C15746E825009F63008E0F86 /* Products */ = {
			isa = PBXGroup;
			children = (
				C15746E725009F63008E0F86 /* libopenshot */,
			);
			name = Products;
			sourceTree = "<group>";
		};
		C15746E925009F63008E0F86 /* libopenshot */ = {
			isa = PBXGroup;
			children = (
				C1574EC92500B8A4008E0F86 /* .bzrignore */,
				C1574E982500B8A4008E0F86 /* AUTHORS */,
				C1574EA22500B8A4008E0F86 /* build */,
				C1574E222500B8A3008E0F86 /* cmake */,
				C1574E972500B8A4008E0F86 /* CMakeLists.txt */,
				C1574DD42500B8A3008E0F86 /* codecov.yml */,
				C1574EA12500B8A4008E0F86 /* COPYING */,
				C1574DC72500B8A3008E0F86 /* doc */,
				C1574E992500B8A4008E0F86 /* Doxyfile.in */,
				C1574DD52500B8A3008E0F86 /* include */,
				C1574DD32500B8A3008E0F86 /* INSTALL.md */,
				C1574DD22500B8A3008E0F86 /* README.md */,
				C1574E322500B8A4008E0F86 /* src */,
				C1574ECA2500B8A4008E0F86 /* tests */,
				C1574E9A2500B8A4008E0F86 /* thirdparty */,
				C1574EDD2500B8A4008E0F86 /* version.sh */,
			);
			path = libopenshot;
			sourceTree = "<group>";
		};
		C1574DC72500B8A3008E0F86 /* doc */ = {
			isa = PBXGroup;
			children = (
				C1574DC82500B8A3008E0F86 /* HW-ACCEL.md */,
				C1574DC92500B8A3008E0F86 /* images */,
				C1574DCF2500B8A3008E0F86 /* INSTALL-WINDOWS.md */,
				C1574DD02500B8A3008E0F86 /* INSTALL-MAC.md */,
				C1574DD12500B8A3008E0F86 /* INSTALL-LINUX.md */,
			);
			name = doc;
			path = ../../doc;
			sourceTree = "<group>";
		};
		C1574DC92500B8A3008E0F86 /* images */ = {
			isa = PBXGroup;
			children = (
				C1574DCA2500B8A3008E0F86 /* Timeline_Layers.png */,
				C1574DCB2500B8A3008E0F86 /* logo.png */,
				C1574DCC2500B8A3008E0F86 /* Playhead.png */,
				C1574DCD2500B8A3008E0F86 /* FrameMapper.png */,
				C1574DCE2500B8A3008E0F86 /* logo.svg */,
			);
			path = images;
			sourceTree = "<group>";
		};
		C1574DD52500B8A3008E0F86 /* include */ = {
			isa = PBXGroup;
			children = (
				C1574DD62500B8A3008E0F86 /* DummyReader.h */,
				C1574DD72500B8A3008E0F86 /* ZmqLogger.h */,
				C1574DD82500B8A3008E0F86 /* QtImageReader.h */,
				C1574DD92500B8A3008E0F86 /* Profiles.h */,
				C1574DDA2500B8A3008E0F86 /* ImageReader.h */,
				C1574DDB2500B8A3008E0F86 /* OpenShot.h */,
				C1574DDC2500B8A3008E0F86 /* KeyFrame.h */,
				C1574DDD2500B8A3008E0F86 /* CacheMemory.h */,
				C1574DDE2500B8A3008E0F86 /* ChunkReader.h */,
				C1574DDF2500B8A3008E0F86 /* AudioResampler.h */,
				C1574DE02500B8A3008E0F86 /* DecklinkInput.h */,
				C1574DE12500B8A3008E0F86 /* Point.h */,
				C1574DE22500B8A3008E0F86 /* Settings.h */,
				C1574DE32500B8A3008E0F86 /* ClipBase.h */,
				C1574DE42500B8A3008E0F86 /* CacheBase.h */,
				C1574DE52500B8A3008E0F86 /* PlayerBase.h */,
				C1574DE62500B8A3008E0F86 /* ChannelLayouts.h */,
				C1574DE72500B8A3008E0F86 /* Frame.h */,
				C1574DE82500B8A3008E0F86 /* Exceptions.h */,
				C1574DE92500B8A3008E0F86 /* Coordinate.h */,
				C1574DEA2500B8A3008E0F86 /* Qt */,
				C1574DF22500B8A3008E0F86 /* Color.h */,
				C1574DF32500B8A3008E0F86 /* CrashHandler.h */,
				C1574DF42500B8A3008E0F86 /* RendererBase.h */,
				C1574DF52500B8A3008E0F86 /* FFmpegWriter.h */,
				C1574DF62500B8A3008E0F86 /* WriterBase.h */,
				C1574DF72500B8A3008E0F86 /* OpenShotVersion.h.in */,
				C1574DF82500B8A3008E0F86 /* DecklinkWriter.h */,
				C1574DF92500B8A3008E0F86 /* QtTextReader.h */,
				C1574DFA2500B8A3008E0F86 /* Enums.h */,
				C1574DFB2500B8A3008E0F86 /* OpenMPUtilities.h */,
				C1574DFC2500B8A3008E0F86 /* ChunkWriter.h */,
				C1574DFD2500B8A3008E0F86 /* FrameMapper.h */,
				C1574DFE2500B8A3008E0F86 /* AudioReaderSource.h */,
				C1574DFF2500B8A3008E0F86 /* QtHtmlReader.h */,
				C1574E002500B8A3008E0F86 /* ReaderBase.h */,
				C1574E012500B8A3008E0F86 /* Clip.h */,
				C1574E022500B8A3008E0F86 /* Json.h */,
				C1574E032500B8A3008E0F86 /* AudioBufferSource.h */,
				C1574E042500B8A3008E0F86 /* AudioDeviceInfo.h */,
				C1574E052500B8A3008E0F86 /* Effects.h */,
				C1574E062500B8A3008E0F86 /* DecklinkOutput.h */,
				C1574E072500B8A3008E0F86 /* ImageWriter.h */,
				C1574E082500B8A3008E0F86 /* CacheDisk.h */,
				C1574E092500B8A3008E0F86 /* FFmpegReader.h */,
				C1574E0A2500B8A3008E0F86 /* TextReader.h */,
				C1574E0B2500B8A3008E0F86 /* DecklinkReader.h */,
				C1574E0C2500B8A3008E0F86 /* EffectInfo.h */,
				C1574E0D2500B8A3008E0F86 /* Fraction.h */,
				C1574E0E2500B8A3008E0F86 /* MagickUtilities.h */,
				C1574E0F2500B8A3008E0F86 /* effects */,
				C1574E1E2500B8A3008E0F86 /* Timeline.h */,
				C1574E1F2500B8A3008E0F86 /* QtPlayer.h */,
				C1574E202500B8A3008E0F86 /* EffectBase.h */,
				C1574E212500B8A3008E0F86 /* FFmpegUtilities.h */,
			);
			name = include;
			path = ../../include;
			sourceTree = "<group>";
		};
		C1574DEA2500B8A3008E0F86 /* Qt */ = {
			isa = PBXGroup;
			children = (
				C1574DEB2500B8A3008E0F86 /* VideoPlaybackThread.h */,
				C1574DEC2500B8A3008E0F86 /* VideoRenderer.h */,
				C1574DED2500B8A3008E0F86 /* VideoCacheThread.h */,
				C1574DEE2500B8A3008E0F86 /* AudioPlaybackThread.h */,
				C1574DEF2500B8A3008E0F86 /* VideoRenderWidget.h */,
				C1574DF02500B8A3008E0F86 /* PlayerDemo.h */,
				C1574DF12500B8A3008E0F86 /* PlayerPrivate.h */,
			);
			path = Qt;
			sourceTree = "<group>";
		};
		C1574E0F2500B8A3008E0F86 /* effects */ = {
			isa = PBXGroup;
			children = (
				C1574E102500B8A3008E0F86 /* Mask.h */,
				C1574E112500B8A3008E0F86 /* ColorShift.h */,
				C1574E122500B8A3008E0F86 /* ChromaKey.h */,
				C1574E132500B8A3008E0F86 /* Blur.h */,
				C1574E142500B8A3008E0F86 /* Deinterlace.h */,
				C1574E152500B8A3008E0F86 /* Negate.h */,
				C1574E162500B8A3008E0F86 /* Shift.h */,
				C1574E172500B8A3008E0F86 /* Crop.h */,
				C1574E182500B8A3008E0F86 /* Brightness.h */,
				C1574E192500B8A3008E0F86 /* Pixelate.h */,
				C1574E1A2500B8A3008E0F86 /* Wave.h */,
				C1574E1B2500B8A3008E0F86 /* Hue.h */,
				C1574E1C2500B8A3008E0F86 /* Saturation.h */,
				C1574E1D2500B8A3008E0F86 /* Bars.h */,
			);
			path = effects;
			sourceTree = "<group>";
		};
		C1574E222500B8A3008E0F86 /* cmake */ = {
			isa = PBXGroup;
			children = (
				C1574E232500B8A3008E0F86 /* Python */,
				C1574E252500B8A3008E0F86 /* Modules */,
			);
			name = cmake;
			path = ../../cmake;
			sourceTree = "<group>";
		};
		C1574E232500B8A3008E0F86 /* Python */ = {
			isa = PBXGroup;
			children = (
				C1574E242500B8A3008E0F86 /* __init__.py */,
			);
			path = Python;
			sourceTree = "<group>";
		};
		C1574E252500B8A3008E0F86 /* Modules */ = {
			isa = PBXGroup;
			children = (
				C1574E262500B8A3008E0F86 /* FindZeroMQ.cmake */,
				C1574E272500B8A3008E0F86 /* FindOpenShotAudio.cmake */,
				C1574E282500B8A3008E0F86 /* FindJack.cmake */,
				C1574E292500B8A4008E0F86 /* FindUnitTest++.cmake */,
				C1574E2A2500B8A4008E0F86 /* FindFFmpeg.cmake */,
				C1574E2B2500B8A4008E0F86 /* FindBlackMagic.cmake */,
				C1574E2C2500B8A4008E0F86 /* UseDoxygen.cmake */,
				C1574E2D2500B8A4008E0F86 /* FindRESVG.cmake */,
				C1574E2E2500B8A4008E0F86 /* FindZMQ.cmake */,
				C1574E2F2500B8A4008E0F86 /* Findjsoncpp.cmake */,
				C1574E302500B8A4008E0F86 /* UnitTest++_CMakeLists.txt */,
				C1574E312500B8A4008E0F86 /* CodeCoverage.cmake */,
			);
			path = Modules;
			sourceTree = "<group>";
		};
		C1574E322500B8A4008E0F86 /* src */ = {
			isa = PBXGroup;
			children = (
				C1574E332500B8A4008E0F86 /* AudioReaderSource.cpp */,
				C1574E342500B8A4008E0F86 /* TextReader.cpp */,
				C1574E352500B8A4008E0F86 /* Frame.cpp */,
				C1574E362500B8A4008E0F86 /* CMakeLists.txt */,
				C1574E372500B8A4008E0F86 /* ChunkWriter.cpp */,
				C1574E382500B8A4008E0F86 /* Fraction.cpp */,
				C1574E392500B8A4008E0F86 /* ImageWriter.cpp */,
				C1574E3A2500B8A4008E0F86 /* OpenShotVersion.cpp */,
				C1574E3B2500B8A4008E0F86 /* DecklinkReader.cpp */,
				C1574E3C2500B8A4008E0F86 /* QtImageReader.cpp */,
				C1574E3D2500B8A4008E0F86 /* Profiles.cpp */,
				C1574E3E2500B8A4008E0F86 /* FrameMapper.cpp */,
				C1574E3F2500B8A4008E0F86 /* QtPlayer.cpp */,
				C1574E402500B8A4008E0F86 /* QtHtmlReader.cpp */,
				C1574E412500B8A4008E0F86 /* ReaderBase.cpp */,
				C1574E422500B8A4008E0F86 /* Qt */,
				C1574E4C2500B8A4008E0F86 /* DecklinkWriter.cpp */,
				C1574E4D2500B8A4008E0F86 /* EffectBase.cpp */,
				C1574E4E2500B8A4008E0F86 /* ImageReader.cpp */,
				C1574E4F2500B8A4008E0F86 /* PlayerBase.cpp */,
				C1574E502500B8A4008E0F86 /* Coordinate.cpp */,
				C1574E512500B8A4008E0F86 /* Timeline.cpp */,
				C1574E522500B8A4008E0F86 /* CacheMemory.cpp */,
				C1574E532500B8A4008E0F86 /* Color.cpp */,
				C1574E542500B8A4008E0F86 /* ChunkReader.cpp */,
				C1574E552500B8A4008E0F86 /* AudioBufferSource.cpp */,
				C1574E562500B8A4008E0F86 /* DecklinkInput.cpp */,
				C1574E572500B8A4008E0F86 /* KeyFrame.cpp */,
				C1574E582500B8A4008E0F86 /* CacheDisk.cpp */,
				C1574E592500B8A4008E0F86 /* CrashHandler.cpp */,
				C1574E5A2500B8A4008E0F86 /* Point.cpp */,
				C1574E5B2500B8A4008E0F86 /* FFmpegReader.cpp */,
				C1574E5C2500B8A4008E0F86 /* examples */,
				C1574E722500B8A4008E0F86 /* QtTextReader.cpp */,
				C1574E732500B8A4008E0F86 /* Clip.cpp */,
				C1574E742500B8A4008E0F86 /* RendererBase.cpp */,
				C1574E752500B8A4008E0F86 /* AudioResampler.cpp */,
				C1574E762500B8A4008E0F86 /* ClipBase.cpp */,
				C1574E772500B8A4008E0F86 /* ZmqLogger.cpp */,
				C1574E782500B8A4008E0F86 /* DummyReader.cpp */,
				C1574E792500B8A4008E0F86 /* EffectInfo.cpp */,
				C1574E7A2500B8A4008E0F86 /* bindings */,
				C1574E822500B8A4008E0F86 /* effects */,
				C1574E912500B8A4008E0F86 /* CacheBase.cpp */,
				C1574E922500B8A4008E0F86 /* Json.cpp */,
				C1574E932500B8A4008E0F86 /* DecklinkOutput.cpp */,
				C1574E942500B8A4008E0F86 /* WriterBase.cpp */,
				C1574E952500B8A4008E0F86 /* Settings.cpp */,
				C1574E962500B8A4008E0F86 /* FFmpegWriter.cpp */,
			);
			name = src;
			path = ../../src;
			sourceTree = "<group>";
		};
		C1574E422500B8A4008E0F86 /* Qt */ = {
			isa = PBXGroup;
			children = (
				C1574E432500B8A4008E0F86 /* demo */,
				C1574E452500B8A4008E0F86 /* VideoRenderWidget.cpp */,
				C1574E462500B8A4008E0F86 /* VideoCacheThread.cpp */,
				C1574E472500B8A4008E0F86 /* VideoRenderer.cpp */,
				C1574E482500B8A4008E0F86 /* PlayerDemo.cpp */,
				C1574E492500B8A4008E0F86 /* PlayerPrivate.cpp */,
				C1574E4A2500B8A4008E0F86 /* AudioPlaybackThread.cpp */,
				C1574E4B2500B8A4008E0F86 /* VideoPlaybackThread.cpp */,
			);
			path = Qt;
			sourceTree = "<group>";
		};
		C1574E432500B8A4008E0F86 /* demo */ = {
			isa = PBXGroup;
			children = (
				C1574E442500B8A4008E0F86 /* main.cpp */,
			);
			path = demo;
			sourceTree = "<group>";
		};
		C1574E5C2500B8A4008E0F86 /* examples */ = {
			isa = PBXGroup;
			children = (
				C1574E5D2500B8A4008E0F86 /* Example.cpp */,
				C1574E5E2500B8A4008E0F86 /* ExampleHtml.py */,
				C1574E5F2500B8A4008E0F86 /* piano.wav */,
				C1574E602500B8A4008E0F86 /* front3.png */,
				C1574E612500B8A4008E0F86 /* test.mp4 */,
				C1574E622500B8A4008E0F86 /* Example.rb */,
				C1574E632500B8A4008E0F86 /* final-composite.png */,
				C1574E642500B8A4008E0F86 /* ExampleBlackmagic.cpp */,
				C1574E652500B8A4008E0F86 /* OpenShot Wipe Tests.py */,
				C1574E662500B8A4008E0F86 /* Example.py */,
				C1574E672500B8A4008E0F86 /* interlaced.png */,
				C1574E682500B8A4008E0F86 /* sintel_trailer-720p.mp4 */,
				C1574E692500B8A4008E0F86 /* mask2.png */,
				C1574E6A2500B8A4008E0F86 /* test1.mp4 */,
				C1574E6B2500B8A4008E0F86 /* output-final.png */,
				C1574E6C2500B8A4008E0F86 /* ExampleHtml.cpp */,
				C1574E6D2500B8A4008E0F86 /* test.wav */,
				C1574E6E2500B8A4008E0F86 /* piano-mono.wav */,
				C1574E6F2500B8A4008E0F86 /* mask.png */,
				C1574E702500B8A4008E0F86 /* back.png */,
				C1574E712500B8A4008E0F86 /* front.png */,
			);
			path = examples;
			sourceTree = "<group>";
		};
		C1574E7A2500B8A4008E0F86 /* bindings */ = {
			isa = PBXGroup;
			children = (
				C1574E7B2500B8A4008E0F86 /* CMakeLists.txt */,
				C1574E7C2500B8A4008E0F86 /* python */,
				C1574E7F2500B8A4008E0F86 /* ruby */,
			);
			path = bindings;
			sourceTree = "<group>";
		};
		C1574E7C2500B8A4008E0F86 /* python */ = {
			isa = PBXGroup;
			children = (
				C1574E7D2500B8A4008E0F86 /* openshot.i */,
				C1574E7E2500B8A4008E0F86 /* CMakeLists.txt */,
			);
			path = python;
			sourceTree = "<group>";
		};
		C1574E7F2500B8A4008E0F86 /* ruby */ = {
			isa = PBXGroup;
			children = (
				C1574E802500B8A4008E0F86 /* openshot.i */,
				C1574E812500B8A4008E0F86 /* CMakeLists.txt */,
			);
			path = ruby;
			sourceTree = "<group>";
		};
		C1574E822500B8A4008E0F86 /* effects */ = {
			isa = PBXGroup;
			children = (
				C1574E832500B8A4008E0F86 /* Saturation.cpp */,
				C1574E842500B8A4008E0F86 /* Mask.cpp */,
				C1574E852500B8A4008E0F86 /* Wave.cpp */,
				C1574E862500B8A4008E0F86 /* Bars.cpp */,
				C1574E872500B8A4008E0F86 /* Brightness.cpp */,
				C1574E882500B8A4008E0F86 /* Deinterlace.cpp */,
				C1574E892500B8A4008E0F86 /* Blur.cpp */,
				C1574E8A2500B8A4008E0F86 /* Negate.cpp */,
				C1574E8B2500B8A4008E0F86 /* Crop.cpp */,
				C1574E8C2500B8A4008E0F86 /* ColorShift.cpp */,
				C1574E8D2500B8A4008E0F86 /* Shift.cpp */,
				C1574E8E2500B8A4008E0F86 /* Hue.cpp */,
				C1574E8F2500B8A4008E0F86 /* ChromaKey.cpp */,
				C1574E902500B8A4008E0F86 /* Pixelate.cpp */,
			);
			path = effects;
			sourceTree = "<group>";
		};
		C1574E9A2500B8A4008E0F86 /* thirdparty */ = {
			isa = PBXGroup;
			children = (
				C1574E9B2500B8A4008E0F86 /* jsoncpp */,
			);
			name = thirdparty;
			path = ../../thirdparty;
			sourceTree = "<group>";
		};
		C1574E9B2500B8A4008E0F86 /* jsoncpp */ = {
			isa = PBXGroup;
			children = (
				C1574E9C2500B8A4008E0F86 /* LICENSE */,
				C1574E9D2500B8A4008E0F86 /* json */,
				C1574EA02500B8A4008E0F86 /* jsoncpp.cpp */,
			);
			path = jsoncpp;
			sourceTree = "<group>";
		};
		C1574E9D2500B8A4008E0F86 /* json */ = {
			isa = PBXGroup;
			children = (
				C1574E9E2500B8A4008E0F86 /* json-forwards.h */,
				C1574E9F2500B8A4008E0F86 /* json.h */,
			);
			path = json;
			sourceTree = "<group>";
		};
		C1574EA22500B8A4008E0F86 /* build */ = {
			isa = PBXGroup;
			children = (
				C1574EA32500B8A4008E0F86 /* libopenshot */,
				C1574EA92500B8A4008E0F86 /* CMakeFiles */,
				C1574EBB2500B8A4008E0F86 /* include */,
				C1574EBD2500B8A4008E0F86 /* CMakeCache.txt */,
				C1574EBE2500B8A4008E0F86 /* .cmake */,
				C1574EC42500B8A4008E0F86 /* src */,
			);
			name = build;
			path = ../../build;
			sourceTree = "<group>";
		};
		C1574EA32500B8A4008E0F86 /* libopenshot */ = {
			isa = PBXGroup;
			children = (
				C1574EA42500B8A4008E0F86 /* libopenshot.xcodeproj */,
				C1574EA72500B8A4008E0F86 /* libopenshot */,
			);
			path = libopenshot;
			sourceTree = "<group>";
		};
		C1574EA52500B8A4008E0F86 /* Products */ = {
			isa = PBXGroup;
			children = (
				C1574EC82500B8A4008E0F86 /* libopenshot */,
			);
			name = Products;
			sourceTree = "<group>";
		};
		C1574EA72500B8A4008E0F86 /* libopenshot */ = {
			isa = PBXGroup;
			children = (
				C1574EA82500B8A4008E0F86 /* main.cpp */,
			);
			path = libopenshot;
			sourceTree = "<group>";
		};
		C1574EA92500B8A4008E0F86 /* CMakeFiles */ = {
			isa = PBXGroup;
			children = (
				C1574EAA2500B8A4008E0F86 /* 3.16.4 */,
				C1574EB82500B8A4008E0F86 /* cmake.check_cache */,
				C1574EB92500B8A4008E0F86 /* CMakeOutput.log */,
				C1574EBA2500B8A4008E0F86 /* CMakeTmp */,
			);
			path = CMakeFiles;
			sourceTree = "<group>";
		};
		C1574EAA2500B8A4008E0F86 /* 3.16.4 */ = {
			isa = PBXGroup;
			children = (
				C1574EAB2500B8A4008E0F86 /* CMakeDetermineCompilerABI_CXX.bin */,
				C1574EAC2500B8A4008E0F86 /* CMakeDetermineCompilerABI_C.bin */,
				C1574EAD2500B8A4008E0F86 /* CompilerIdC */,
				C1574EB12500B8A4008E0F86 /* CompilerIdCXX */,
				C1574EB52500B8A4008E0F86 /* CMakeCXXCompiler.cmake */,
				C1574EB62500B8A4008E0F86 /* CMakeCCompiler.cmake */,
				C1574EB72500B8A4008E0F86 /* CMakeSystem.cmake */,
			);
			path = 3.16.4;
			sourceTree = "<group>";
		};
		C1574EAD2500B8A4008E0F86 /* CompilerIdC */ = {
			isa = PBXGroup;
			children = (
				C1574EAE2500B8A4008E0F86 /* CMakeCCompilerId.c */,
				C1574EAF2500B8A4008E0F86 /* a.out */,
				C1574EB02500B8A4008E0F86 /* tmp */,
			);
			path = CompilerIdC;
			sourceTree = "<group>";
		};
		C1574EB02500B8A4008E0F86 /* tmp */ = {
			isa = PBXGroup;
			children = (
			);
			path = tmp;
			sourceTree = "<group>";
		};
		C1574EB12500B8A4008E0F86 /* CompilerIdCXX */ = {
			isa = PBXGroup;
			children = (
				C1574EB22500B8A4008E0F86 /* a.out */,
				C1574EB32500B8A4008E0F86 /* CMakeCXXCompilerId.cpp */,
				C1574EB42500B8A4008E0F86 /* tmp */,
			);
			path = CompilerIdCXX;
			sourceTree = "<group>";
		};
		C1574EB42500B8A4008E0F86 /* tmp */ = {
			isa = PBXGroup;
			children = (
			);
			path = tmp;
			sourceTree = "<group>";
		};
		C1574EBA2500B8A4008E0F86 /* CMakeTmp */ = {
			isa = PBXGroup;
			children = (
			);
			path = CMakeTmp;
			sourceTree = "<group>";
		};
		C1574EBB2500B8A4008E0F86 /* include */ = {
			isa = PBXGroup;
			children = (
				C1574EBC2500B8A4008E0F86 /* OpenShotVersion.h */,
			);
			path = include;
			sourceTree = "<group>";
		};
		C1574EBE2500B8A4008E0F86 /* .cmake */ = {
			isa = PBXGroup;
			children = (
				C1574EBF2500B8A4008E0F86 /* api */,
			);
			path = .cmake;
			sourceTree = "<group>";
		};
		C1574EBF2500B8A4008E0F86 /* api */ = {
			isa = PBXGroup;
			children = (
				C1574EC02500B8A4008E0F86 /* v1 */,
			);
			path = api;
			sourceTree = "<group>";
		};
		C1574EC02500B8A4008E0F86 /* v1 */ = {
			isa = PBXGroup;
			children = (
				C1574EC12500B8A4008E0F86 /* query */,
			);
			path = v1;
			sourceTree = "<group>";
		};
		C1574EC12500B8A4008E0F86 /* query */ = {
			isa = PBXGroup;
			children = (
				C1574EC22500B8A4008E0F86 /* client-vscode */,
			);
			path = query;
			sourceTree = "<group>";
		};
		C1574EC22500B8A4008E0F86 /* client-vscode */ = {
			isa = PBXGroup;
			children = (
				C1574EC32500B8A4008E0F86 /* query.json */,
			);
			path = "client-vscode";
			sourceTree = "<group>";
		};
		C1574EC42500B8A4008E0F86 /* src */ = {
			isa = PBXGroup;
			children = (
				C1574EC52500B8A4008E0F86 /* CMakeFiles */,
			);
			path = src;
			sourceTree = "<group>";
		};
		C1574EC52500B8A4008E0F86 /* CMakeFiles */ = {
			isa = PBXGroup;
			children = (
			);
			path = CMakeFiles;
			sourceTree = "<group>";
		};
		C1574ECA2500B8A4008E0F86 /* tests */ = {
			isa = PBXGroup;
			children = (
				C1574ECB2500B8A4008E0F86 /* FFmpegWriter_Tests.cpp */,
				C1574ECC2500B8A4008E0F86 /* DummyReader_Tests.cpp */,
				C1574ECD2500B8A4008E0F86 /* Fraction_Tests.cpp */,
				C1574ECE2500B8A4008E0F86 /* ImageWriter_Tests.cpp */,
				C1574ECF2500B8A4008E0F86 /* CMakeLists.txt */,
				C1574ED02500B8A4008E0F86 /* Cache_Tests.cpp */,
				C1574ED12500B8A4008E0F86 /* Coordinate_Tests.cpp */,
				C1574ED22500B8A4008E0F86 /* Color_Tests.cpp */,
				C1574ED32500B8A4008E0F86 /* Settings_Tests.cpp */,
				C1574ED42500B8A4008E0F86 /* Point_Tests.cpp */,
				C1574ED52500B8A4008E0F86 /* FFmpegReader_Tests.cpp */,
				C1574ED62500B8A4008E0F86 /* ReaderBase_Tests.cpp */,
				C1574ED72500B8A4008E0F86 /* Frame_Tests.cpp */,
				C1574ED82500B8A4008E0F86 /* Clip_Tests.cpp */,
				C1574ED92500B8A4008E0F86 /* tests.cpp */,
				C1574EDA2500B8A4008E0F86 /* Timeline_Tests.cpp */,
				C1574EDB2500B8A4008E0F86 /* KeyFrame_Tests.cpp */,
				C1574EDC2500B8A4008E0F86 /* FrameMapper_Tests.cpp */,
			);
			name = tests;
			path = ../../tests;
			sourceTree = "<group>";
		};
/* End PBXGroup section */

/* Begin PBXNativeTarget section */
		C15746E625009F63008E0F86 /* libopenshot */ = {
			isa = PBXNativeTarget;
			buildConfigurationList = C15746EE25009F63008E0F86 /* Build configuration list for PBXNativeTarget "libopenshot" */;
			buildPhases = (
				C15746E325009F63008E0F86 /* Sources */,
				C15746E425009F63008E0F86 /* Frameworks */,
				C15746E525009F63008E0F86 /* CopyFiles */,
			);
			buildRules = (
			);
			dependencies = (
			);
			name = libopenshot;
			productName = xcprj;
			productReference = C15746E725009F63008E0F86 /* libopenshot */;
			productType = "com.apple.product-type.tool";
		};
/* End PBXNativeTarget section */

/* Begin PBXProject section */
		C15746DF25009F63008E0F86 /* Project object */ = {
			isa = PBXProject;
			attributes = {
				LastUpgradeCheck = 1130;
				ORGANIZATIONNAME = allenyang;
				TargetAttributes = {
					C15746E625009F63008E0F86 = {
						CreatedOnToolsVersion = 11.3.1;
					};
				};
			};
			buildConfigurationList = C15746E225009F63008E0F86 /* Build configuration list for PBXProject "libopenshot" */;
			compatibilityVersion = "Xcode 9.3";
			developmentRegion = en;
			hasScannedForEncodings = 0;
			knownRegions = (
				en,
				Base,
			);
			mainGroup = C15746DE25009F63008E0F86;
			productRefGroup = C15746E825009F63008E0F86 /* Products */;
			projectDirPath = "";
			projectReferences = (
				{
					ProductGroup = C1574EA52500B8A4008E0F86 /* Products */;
					ProjectRef = C1574EA42500B8A4008E0F86 /* libopenshot.xcodeproj */;
				},
			);
			projectRoot = "";
			targets = (
				C15746E625009F63008E0F86 /* libopenshot */,
			);
		};
/* End PBXProject section */

/* Begin PBXReferenceProxy section */
		C1574EC82500B8A4008E0F86 /* libopenshot */ = {
			isa = PBXReferenceProxy;
			fileType = "compiled.mach-o.executable";
			path = libopenshot;
			remoteRef = C1574EC72500B8A4008E0F86 /* PBXContainerItemProxy */;
			sourceTree = BUILT_PRODUCTS_DIR;
		};
/* End PBXReferenceProxy section */

/* Begin PBXSourcesBuildPhase section */
		C15746E325009F63008E0F86 /* Sources */ = {
			isa = PBXSourcesBuildPhase;
			buildActionMask = 2147483647;
			files = (
				C1574F162500B8A4008E0F86 /* Deinterlace.cpp in Sources */,
				C1574F1D2500B8A4008E0F86 /* ChromaKey.cpp in Sources */,
				C1574F132500B8A4008E0F86 /* Wave.cpp in Sources */,
				C1574F062500B8A4008E0F86 /* ExampleHtml.cpp in Sources */,
				C1574EFC2500B8A4008E0F86 /* ChunkReader.cpp in Sources */,
				C1574F332500B8A4008E0F86 /* ReaderBase_Tests.cpp in Sources */,
				C1574F032500B8A4008E0F86 /* FFmpegReader.cpp in Sources */,
				C1574EE02500B8A4008E0F86 /* Frame.cpp in Sources */,
				C1574F072500B8A4008E0F86 /* QtTextReader.cpp in Sources */,
				C1574F322500B8A4008E0F86 /* FFmpegReader_Tests.cpp in Sources */,
				C1574EED2500B8A4008E0F86 /* VideoRenderWidget.cpp in Sources */,
				C1574F252500B8A4008E0F86 /* jsoncpp.cpp in Sources */,
				C1574EFD2500B8A4008E0F86 /* AudioBufferSource.cpp in Sources */,
				C1574F272500B8A4008E0F86 /* CMakeCCompilerId.c in Sources */,
				C1574F192500B8A4008E0F86 /* Crop.cpp in Sources */,
				C1574EEB2500B8A4008E0F86 /* ReaderBase.cpp in Sources */,
				C1574F022500B8A4008E0F86 /* Point.cpp in Sources */,
				C1574F122500B8A4008E0F86 /* Mask.cpp in Sources */,
				C1574EDE2500B8A4008E0F86 /* AudioReaderSource.cpp in Sources */,
				C1574EE32500B8A4008E0F86 /* ImageWriter.cpp in Sources */,
				C1574F282500B8A4008E0F86 /* CMakeCXXCompilerId.cpp in Sources */,
				C1574EE92500B8A4008E0F86 /* QtPlayer.cpp in Sources */,
				C1574EE52500B8A4008E0F86 /* DecklinkReader.cpp in Sources */,
				C1574EFB2500B8A4008E0F86 /* Color.cpp in Sources */,
				C1574EE42500B8A4008E0F86 /* OpenShotVersion.cpp in Sources */,
				C1574F0D2500B8A4008E0F86 /* DummyReader.cpp in Sources */,
				C1574F372500B8A4008E0F86 /* Timeline_Tests.cpp in Sources */,
				C1574F222500B8A4008E0F86 /* WriterBase.cpp in Sources */,
				C1574F2E2500B8A4008E0F86 /* Coordinate_Tests.cpp in Sources */,
				C1574F092500B8A4008E0F86 /* RendererBase.cpp in Sources */,
				C1574F1A2500B8A4008E0F86 /* ColorShift.cpp in Sources */,
				C1574EF32500B8A4008E0F86 /* VideoPlaybackThread.cpp in Sources */,
				C1574F0A2500B8A4008E0F86 /* AudioResampler.cpp in Sources */,
				C1574F002500B8A4008E0F86 /* CacheDisk.cpp in Sources */,
				C1574EE12500B8A4008E0F86 /* ChunkWriter.cpp in Sources */,
				C1574F1B2500B8A4008E0F86 /* Shift.cpp in Sources */,
				C1574EFE2500B8A4008E0F86 /* DecklinkInput.cpp in Sources */,
				C1574F152500B8A4008E0F86 /* Brightness.cpp in Sources */,
				C1574EF82500B8A4008E0F86 /* Coordinate.cpp in Sources */,
				C1574F2C2500B8A4008E0F86 /* ImageWriter_Tests.cpp in Sources */,
				C1574F2B2500B8A4008E0F86 /* Fraction_Tests.cpp in Sources */,
				C1574F232500B8A4008E0F86 /* Settings.cpp in Sources */,
				C1574F352500B8A4008E0F86 /* Clip_Tests.cpp in Sources */,
				C1574F2D2500B8A4008E0F86 /* Cache_Tests.cpp in Sources */,
				C1574EEC2500B8A4008E0F86 /* main.cpp in Sources */,
				C1574F2F2500B8A4008E0F86 /* Color_Tests.cpp in Sources */,
				C1574F0C2500B8A4008E0F86 /* ZmqLogger.cpp in Sources */,
				C1574F112500B8A4008E0F86 /* Saturation.cpp in Sources */,
				C1574EDF2500B8A4008E0F86 /* TextReader.cpp in Sources */,
				C1574F302500B8A4008E0F86 /* Settings_Tests.cpp in Sources */,
				C1574F2A2500B8A4008E0F86 /* DummyReader_Tests.cpp in Sources */,
				C1574F142500B8A4008E0F86 /* Bars.cpp in Sources */,
				C1574F102500B8A4008E0F86 /* openshot.i in Sources */,
				C1574F212500B8A4008E0F86 /* DecklinkOutput.cpp in Sources */,
				C1574EE82500B8A4008E0F86 /* FrameMapper.cpp in Sources */,
				C1574F382500B8A4008E0F86 /* KeyFrame_Tests.cpp in Sources */,
				C1574F042500B8A4008E0F86 /* Example.cpp in Sources */,
				C1574F312500B8A4008E0F86 /* Point_Tests.cpp in Sources */,
				C1574F262500B8A4008E0F86 /* main.cpp in Sources */,
				C1574EF72500B8A4008E0F86 /* PlayerBase.cpp in Sources */,
				C1574EFA2500B8A4008E0F86 /* CacheMemory.cpp in Sources */,
				C1574F1E2500B8A4008E0F86 /* Pixelate.cpp in Sources */,
				C1574F052500B8A4008E0F86 /* ExampleBlackmagic.cpp in Sources */,
				C1574F172500B8A4008E0F86 /* Blur.cpp in Sources */,
				C1574EEA2500B8A4008E0F86 /* QtHtmlReader.cpp in Sources */,
				C1574F182500B8A4008E0F86 /* Negate.cpp in Sources */,
				C1574F362500B8A4008E0F86 /* tests.cpp in Sources */,
				C1574EE62500B8A4008E0F86 /* QtImageReader.cpp in Sources */,
				C1574EF42500B8A4008E0F86 /* DecklinkWriter.cpp in Sources */,
				C1574F292500B8A4008E0F86 /* FFmpegWriter_Tests.cpp in Sources */,
				C1574F202500B8A4008E0F86 /* Json.cpp in Sources */,
				C1574F342500B8A4008E0F86 /* Frame_Tests.cpp in Sources */,
				C1574F082500B8A4008E0F86 /* Clip.cpp in Sources */,
				C1574EF12500B8A4008E0F86 /* PlayerPrivate.cpp in Sources */,
				C1574F1C2500B8A4008E0F86 /* Hue.cpp in Sources */,
				C1574F1F2500B8A4008E0F86 /* CacheBase.cpp in Sources */,
				C1574EEF2500B8A4008E0F86 /* VideoRenderer.cpp in Sources */,
				C1574EF02500B8A4008E0F86 /* PlayerDemo.cpp in Sources */,
				C1574F0B2500B8A4008E0F86 /* ClipBase.cpp in Sources */,
				C1574F242500B8A4008E0F86 /* FFmpegWriter.cpp in Sources */,
				C1574EF22500B8A4008E0F86 /* AudioPlaybackThread.cpp in Sources */,
				C1574EF62500B8A4008E0F86 /* ImageReader.cpp in Sources */,
				C1574EE22500B8A4008E0F86 /* Fraction.cpp in Sources */,
				C1574F0E2500B8A4008E0F86 /* EffectInfo.cpp in Sources */,
				C1574EF92500B8A4008E0F86 /* Timeline.cpp in Sources */,
				C1574EEE2500B8A4008E0F86 /* VideoCacheThread.cpp in Sources */,
				C1574F0F2500B8A4008E0F86 /* openshot.i in Sources */,
				C1574F012500B8A4008E0F86 /* CrashHandler.cpp in Sources */,
				C1574F392500B8A4008E0F86 /* FrameMapper_Tests.cpp in Sources */,
				C1574EE72500B8A4008E0F86 /* Profiles.cpp in Sources */,
				C1574EF52500B8A4008E0F86 /* EffectBase.cpp in Sources */,
				C1574EFF2500B8A4008E0F86 /* KeyFrame.cpp in Sources */,
			);
			runOnlyForDeploymentPostprocessing = 0;
		};
/* End PBXSourcesBuildPhase section */

/* Begin XCBuildConfiguration section */
		C15746EC25009F63008E0F86 /* Debug */ = {
			isa = XCBuildConfiguration;
			buildSettings = {
				ALWAYS_SEARCH_USER_PATHS = NO;
				CLANG_ANALYZER_NONNULL = YES;
				CLANG_ANALYZER_NUMBER_OBJECT_CONVERSION = YES_AGGRESSIVE;
				CLANG_CXX_LANGUAGE_STANDARD = "gnu++14";
				CLANG_CXX_LIBRARY = "libc++";
				CLANG_ENABLE_MODULES = YES;
				CLANG_ENABLE_OBJC_ARC = YES;
				CLANG_ENABLE_OBJC_WEAK = YES;
				CLANG_WARN_BLOCK_CAPTURE_AUTORELEASING = YES;
				CLANG_WARN_BOOL_CONVERSION = YES;
				CLANG_WARN_COMMA = YES;
				CLANG_WARN_CONSTANT_CONVERSION = YES;
				CLANG_WARN_DEPRECATED_OBJC_IMPLEMENTATIONS = YES;
				CLANG_WARN_DIRECT_OBJC_ISA_USAGE = YES_ERROR;
				CLANG_WARN_DOCUMENTATION_COMMENTS = YES;
				CLANG_WARN_EMPTY_BODY = YES;
				CLANG_WARN_ENUM_CONVERSION = YES;
				CLANG_WARN_INFINITE_RECURSION = YES;
				CLANG_WARN_INT_CONVERSION = YES;
				CLANG_WARN_NON_LITERAL_NULL_CONVERSION = YES;
				CLANG_WARN_OBJC_IMPLICIT_RETAIN_SELF = YES;
				CLANG_WARN_OBJC_LITERAL_CONVERSION = YES;
				CLANG_WARN_OBJC_ROOT_CLASS = YES_ERROR;
				CLANG_WARN_RANGE_LOOP_ANALYSIS = YES;
				CLANG_WARN_STRICT_PROTOTYPES = YES;
				CLANG_WARN_SUSPICIOUS_MOVE = YES;
				CLANG_WARN_UNGUARDED_AVAILABILITY = YES_AGGRESSIVE;
				CLANG_WARN_UNREACHABLE_CODE = YES;
				CLANG_WARN__DUPLICATE_METHOD_MATCH = YES;
				COPY_PHASE_STRIP = NO;
				DEBUG_INFORMATION_FORMAT = dwarf;
				ENABLE_STRICT_OBJC_MSGSEND = YES;
				ENABLE_TESTABILITY = YES;
				GCC_C_LANGUAGE_STANDARD = gnu11;
				GCC_DYNAMIC_NO_PIC = NO;
				GCC_NO_COMMON_BLOCKS = YES;
				GCC_OPTIMIZATION_LEVEL = 0;
				GCC_PREPROCESSOR_DEFINITIONS = (
					"DEBUG=1",
					"$(inherited)",
				);
				GCC_WARN_64_TO_32_BIT_CONVERSION = YES;
				GCC_WARN_ABOUT_RETURN_TYPE = YES_ERROR;
				GCC_WARN_UNDECLARED_SELECTOR = YES;
				GCC_WARN_UNINITIALIZED_AUTOS = YES_AGGRESSIVE;
				GCC_WARN_UNUSED_FUNCTION = YES;
				GCC_WARN_UNUSED_VARIABLE = YES;
				MACOSX_DEPLOYMENT_TARGET = 10.15;
				MTL_ENABLE_DEBUG_INFO = INCLUDE_SOURCE;
				MTL_FAST_MATH = YES;
				ONLY_ACTIVE_ARCH = YES;
				SDKROOT = macosx;
			};
			name = Debug;
		};
		C15746ED25009F63008E0F86 /* Release */ = {
			isa = XCBuildConfiguration;
			buildSettings = {
				ALWAYS_SEARCH_USER_PATHS = NO;
				CLANG_ANALYZER_NONNULL = YES;
				CLANG_ANALYZER_NUMBER_OBJECT_CONVERSION = YES_AGGRESSIVE;
				CLANG_CXX_LANGUAGE_STANDARD = "gnu++14";
				CLANG_CXX_LIBRARY = "libc++";
				CLANG_ENABLE_MODULES = YES;
				CLANG_ENABLE_OBJC_ARC = YES;
				CLANG_ENABLE_OBJC_WEAK = YES;
				CLANG_WARN_BLOCK_CAPTURE_AUTORELEASING = YES;
				CLANG_WARN_BOOL_CONVERSION = YES;
				CLANG_WARN_COMMA = YES;
				CLANG_WARN_CONSTANT_CONVERSION = YES;
				CLANG_WARN_DEPRECATED_OBJC_IMPLEMENTATIONS = YES;
				CLANG_WARN_DIRECT_OBJC_ISA_USAGE = YES_ERROR;
				CLANG_WARN_DOCUMENTATION_COMMENTS = YES;
				CLANG_WARN_EMPTY_BODY = YES;
				CLANG_WARN_ENUM_CONVERSION = YES;
				CLANG_WARN_INFINITE_RECURSION = YES;
				CLANG_WARN_INT_CONVERSION = YES;
				CLANG_WARN_NON_LITERAL_NULL_CONVERSION = YES;
				CLANG_WARN_OBJC_IMPLICIT_RETAIN_SELF = YES;
				CLANG_WARN_OBJC_LITERAL_CONVERSION = YES;
				CLANG_WARN_OBJC_ROOT_CLASS = YES_ERROR;
				CLANG_WARN_RANGE_LOOP_ANALYSIS = YES;
				CLANG_WARN_STRICT_PROTOTYPES = YES;
				CLANG_WARN_SUSPICIOUS_MOVE = YES;
				CLANG_WARN_UNGUARDED_AVAILABILITY = YES_AGGRESSIVE;
				CLANG_WARN_UNREACHABLE_CODE = YES;
				CLANG_WARN__DUPLICATE_METHOD_MATCH = YES;
				COPY_PHASE_STRIP = NO;
				DEBUG_INFORMATION_FORMAT = "dwarf-with-dsym";
				ENABLE_NS_ASSERTIONS = NO;
				ENABLE_STRICT_OBJC_MSGSEND = YES;
				GCC_C_LANGUAGE_STANDARD = gnu11;
				GCC_NO_COMMON_BLOCKS = YES;
				GCC_WARN_64_TO_32_BIT_CONVERSION = YES;
				GCC_WARN_ABOUT_RETURN_TYPE = YES_ERROR;
				GCC_WARN_UNDECLARED_SELECTOR = YES;
				GCC_WARN_UNINITIALIZED_AUTOS = YES_AGGRESSIVE;
				GCC_WARN_UNUSED_FUNCTION = YES;
				GCC_WARN_UNUSED_VARIABLE = YES;
				MACOSX_DEPLOYMENT_TARGET = 10.15;
				MTL_ENABLE_DEBUG_INFO = NO;
				MTL_FAST_MATH = YES;
				SDKROOT = macosx;
			};
			name = Release;
		};
		C15746EF25009F63008E0F86 /* Debug */ = {
			isa = XCBuildConfiguration;
			buildSettings = {
				CODE_SIGN_STYLE = Automatic;
				HEADER_SEARCH_PATHS = /usr/local/Cellar/ffmpeg/4.3.1/include/;
				PRODUCT_NAME = "$(TARGET_NAME)";
			};
			name = Debug;
		};
		C15746F025009F63008E0F86 /* Release */ = {
			isa = XCBuildConfiguration;
			buildSettings = {
				CODE_SIGN_STYLE = Automatic;
				HEADER_SEARCH_PATHS = /usr/local/Cellar/ffmpeg/4.3.1/include/;
				PRODUCT_NAME = "$(TARGET_NAME)";
			};
			name = Release;
		};
/* End XCBuildConfiguration section */

/* Begin XCConfigurationList section */
		C15746E225009F63008E0F86 /* Build configuration list for PBXProject "libopenshot" */ = {
			isa = XCConfigurationList;
			buildConfigurations = (
				C15746EC25009F63008E0F86 /* Debug */,
				C15746ED25009F63008E0F86 /* Release */,
			);
			defaultConfigurationIsVisible = 0;
			defaultConfigurationName = Release;
		};
		C15746EE25009F63008E0F86 /* Build configuration list for PBXNativeTarget "libopenshot" */ = {
			isa = XCConfigurationList;
			buildConfigurations = (
				C15746EF25009F63008E0F86 /* Debug */,
				C15746F025009F63008E0F86 /* Release */,
			);
			defaultConfigurationIsVisible = 0;
			defaultConfigurationName = Release;
		};
/* End XCConfigurationList section */
	};
	rootObject = C15746DF25009F63008E0F86 /* Project object */;
}
